// !$*UTF8*$!
{
	archiveVersion = 1;
	classes = {
	};
	objectVersion = 46;
	objects = {

/* Begin PBXAggregateTarget section */
		6A5337C51C16D7EA00EFE10C /* Universal */ = {
			isa = PBXAggregateTarget;
			buildConfigurationList = 6A5337C81C16D7EA00EFE10C /* Build configuration list for PBXAggregateTarget "Universal" */;
			buildPhases = (
				6A5337C91C16D81A00EFE10C /* ShellScript */,
			);
			dependencies = (
			);
			name = Universal;
			productName = Universal;
		};
/* End PBXAggregateTarget section */

/* Begin PBXBuildFile section */
		6A0F89651C0347620003948C /* zobjc.h in CopyFiles */ = {isa = PBXBuildFile; fileRef = 6A0F89621C0346900003948C /* zobjc.h */; };
		6A0F89661C0347620003948C /* zarc.h in CopyFiles */ = {isa = PBXBuildFile; fileRef = 6A0F89601C0346900003948C /* zarc.h */; };
		6A0F89671C0347620003948C /* zadapt.h in CopyFiles */ = {isa = PBXBuildFile; fileRef = 6A0F895F1C0346900003948C /* zadapt.h */; };
		6A0F89681C0347620003948C /* zconstant.h in CopyFiles */ = {isa = PBXBuildFile; fileRef = 6A0F89611C0346900003948C /* zconstant.h */; };
		6A0F896B1C0348C70003948C /* ZUXSingletonTest.m in Sources */ = {isa = PBXBuildFile; fileRef = 6A0F896A1C0348C70003948C /* ZUXSingletonTest.m */; };
		6A0F896D1C034DA10003948C /* ZUXGeometryTest.m in Sources */ = {isa = PBXBuildFile; fileRef = 6A0F896C1C034DA10003948C /* ZUXGeometryTest.m */; };
		6A0F896F1C034E5C0003948C /* ZUXRuntimeTest.m in Sources */ = {isa = PBXBuildFile; fileRef = 6A0F896E1C034E5C0003948C /* ZUXRuntimeTest.m */; };
		6A0F89711C03528D0003948C /* ZUXJsonTest.m in Sources */ = {isa = PBXBuildFile; fileRef = 6A0F89701C03528D0003948C /* ZUXJsonTest.m */; };
		6A0F89731C0356B90003948C /* ZUXDirectoryTest.m in Sources */ = {isa = PBXBuildFile; fileRef = 6A0F89721C0356B90003948C /* ZUXDirectoryTest.m */; };
		6A0F89791C0359C80003948C /* UIDevice+ZUX.m in Sources */ = {isa = PBXBuildFile; fileRef = 6A0F89781C0359C80003948C /* UIDevice+ZUX.m */; };
		6A0F897A1C0361CB0003948C /* UIDevice+ZUX.h in CopyFiles */ = {isa = PBXBuildFile; fileRef = 6A0F89771C0359C80003948C /* UIDevice+ZUX.h */; };
		6A1087E31C047E870062160C /* NSObjectZUXTest.m in Sources */ = {isa = PBXBuildFile; fileRef = 6A1087E21C047E870062160C /* NSObjectZUXTest.m */; };
		6A1087E51C04871E0062160C /* NSObjectZUXJsonTest.m in Sources */ = {isa = PBXBuildFile; fileRef = 6A1087E41C04871E0062160C /* NSObjectZUXJsonTest.m */; };
		6A1087E71C048D780062160C /* NSArrayZUXTest.m in Sources */ = {isa = PBXBuildFile; fileRef = 6A1087E61C048D780062160C /* NSArrayZUXTest.m */; };
		6A1087E91C048D8B0062160C /* NSDictionaryZUXTest.m in Sources */ = {isa = PBXBuildFile; fileRef = 6A1087E81C048D8B0062160C /* NSDictionaryZUXTest.m */; };
		6A1087EB1C0496110062160C /* NSStringZUXTest.m in Sources */ = {isa = PBXBuildFile; fileRef = 6A1087EA1C0496110062160C /* NSStringZUXTest.m */; };
		6A17637B1C06B83800EC52FE /* UIColorZUXTest.m in Sources */ = {isa = PBXBuildFile; fileRef = 6A17637A1C06B83800EC52FE /* UIColorZUXTest.m */; };
		6A17637D1C06D85000EC52FE /* UIViewControllerZUXTest.m in Sources */ = {isa = PBXBuildFile; fileRef = 6A17637C1C06D85000EC52FE /* UIViewControllerZUXTest.m */; };
		6A1763801C06DAB600EC52FE /* ZUXConstraintTest.m in Sources */ = {isa = PBXBuildFile; fileRef = 6A17637F1C06DAB600EC52FE /* ZUXConstraintTest.m */; };
		6A1763821C06DAE000EC52FE /* ZUXTransformTest.m in Sources */ = {isa = PBXBuildFile; fileRef = 6A1763811C06DAE000EC52FE /* ZUXTransformTest.m */; };
		6A1794641C05BB1300FF5870 /* UITextView+ZUX.m in Sources */ = {isa = PBXBuildFile; fileRef = 6A1794631C05BB1300FF5870 /* UITextView+ZUX.m */; };
		6A1794671C05BB4300FF5870 /* UITextField+ZUX.m in Sources */ = {isa = PBXBuildFile; fileRef = 6A1794661C05BB4300FF5870 /* UITextField+ZUX.m */; };
		6A17946A1C05CF0B00FF5870 /* NSDate+ZUX.m in Sources */ = {isa = PBXBuildFile; fileRef = 6A1794691C05CF0B00FF5870 /* NSDate+ZUX.m */; };
		6A17946D1C05D45800FF5870 /* UITabBarItem+ZUX.m in Sources */ = {isa = PBXBuildFile; fileRef = 6A17946C1C05D45800FF5870 /* UITabBarItem+ZUX.m */; };
		6A17946F1C05D58600FF5870 /* NSDateZUXTest.m in Sources */ = {isa = PBXBuildFile; fileRef = 6A17946E1C05D58600FF5870 /* NSDateZUXTest.m */; };
		6A1794701C05D8A300FF5870 /* NSDate+ZUX.h in CopyFiles */ = {isa = PBXBuildFile; fileRef = 6A1794681C05CF0B00FF5870 /* NSDate+ZUX.h */; };
		6A1794711C05D8A300FF5870 /* UITextField+ZUX.h in CopyFiles */ = {isa = PBXBuildFile; fileRef = 6A1794651C05BB4300FF5870 /* UITextField+ZUX.h */; };
		6A1794721C05D8A300FF5870 /* UITextView+ZUX.h in CopyFiles */ = {isa = PBXBuildFile; fileRef = 6A1794621C05BB1300FF5870 /* UITextView+ZUX.h */; };
		6A1794731C05D8A300FF5870 /* UITabBarItem+ZUX.h in CopyFiles */ = {isa = PBXBuildFile; fileRef = 6A17946B1C05D45800FF5870 /* UITabBarItem+ZUX.h */; };
		6A5024B21C1A70F6002A7E99 /* ZUXColorDictionaryTest.m in Sources */ = {isa = PBXBuildFile; fileRef = 6A5024B11C1A70F6002A7E99 /* ZUXColorDictionaryTest.m */; };
		6A5024B41C1A72BE002A7E99 /* ZUXColorDictionaryTest.plist in Resources */ = {isa = PBXBuildFile; fileRef = 6A5024B31C1A72BE002A7E99 /* ZUXColorDictionaryTest.plist */; };
		6A5024B61C1AB703002A7E99 /* ZUXColorDictionaryTest2.plist in Resources */ = {isa = PBXBuildFile; fileRef = 6A5024B51C1AB703002A7E99 /* ZUXColorDictionaryTest2.plist */; };
		6A5332551C108F910088F2B0 /* ZUXJSONKit.m in Sources */ = {isa = PBXBuildFile; fileRef = 6A5332541C108F910088F2B0 /* ZUXJSONKit.m */; };
		6A5332571C108FF90088F2B0 /* ZUXJSONKitTest.m in Sources */ = {isa = PBXBuildFile; fileRef = 6A5332561C108FF90088F2B0 /* ZUXJSONKitTest.m */; };
		6A5B155B1C0C350F006B8673 /* ZUXBundle.m in Sources */ = {isa = PBXBuildFile; fileRef = 6A5B155A1C0C350F006B8673 /* ZUXBundle.m */; };
		6A5B155C1C0C3C2F006B8673 /* ZUXBundle.h in CopyFiles */ = {isa = PBXBuildFile; fileRef = 6A5B15591C0C350F006B8673 /* ZUXBundle.h */; };
		6A63F9C71C02E05400AB3891 /* libZUtilsX.a in Frameworks */ = {isa = PBXBuildFile; fileRef = 6A63F9B21C02E00D00AB3891 /* libZUtilsX.a */; };
		6A63FA1D1C02E0E000AB3891 /* NSArray+ZUX.m in Sources */ = {isa = PBXBuildFile; fileRef = 6A63F9D01C02E0E000AB3891 /* NSArray+ZUX.m */; };
		6A63FA1E1C02E0E000AB3891 /* NSCoder+ZUX.m in Sources */ = {isa = PBXBuildFile; fileRef = 6A63F9D21C02E0E000AB3891 /* NSCoder+ZUX.m */; };
		6A63FA1F1C02E0E000AB3891 /* NSData+ZUX.m in Sources */ = {isa = PBXBuildFile; fileRef = 6A63F9D41C02E0E000AB3891 /* NSData+ZUX.m */; };
		6A63FA201C02E0E000AB3891 /* NSDictionary+ZUX.m in Sources */ = {isa = PBXBuildFile; fileRef = 6A63F9D61C02E0E000AB3891 /* NSDictionary+ZUX.m */; };
		6A63FA211C02E0E000AB3891 /* NSExpression+ZUX.m in Sources */ = {isa = PBXBuildFile; fileRef = 6A63F9D81C02E0E000AB3891 /* NSExpression+ZUX.m */; };
		6A63FA221C02E0E000AB3891 /* NSNull+ZUX.m in Sources */ = {isa = PBXBuildFile; fileRef = 6A63F9DA1C02E0E000AB3891 /* NSNull+ZUX.m */; };
		6A63FA231C02E0E000AB3891 /* NSNumber+ZUX.m in Sources */ = {isa = PBXBuildFile; fileRef = 6A63F9DC1C02E0E000AB3891 /* NSNumber+ZUX.m */; };
		6A63FA241C02E0E000AB3891 /* NSObject+ZUX.m in Sources */ = {isa = PBXBuildFile; fileRef = 6A63F9DE1C02E0E000AB3891 /* NSObject+ZUX.m */; };
		6A63FA251C02E0E000AB3891 /* NSObject+ZUXJson.m in Sources */ = {isa = PBXBuildFile; fileRef = 6A63F9E01C02E0E000AB3891 /* NSObject+ZUXJson.m */; };
		6A63FA261C02E0E000AB3891 /* NSString+ZUX.m in Sources */ = {isa = PBXBuildFile; fileRef = 6A63F9E21C02E0E000AB3891 /* NSString+ZUX.m */; };
		6A63FA271C02E0E000AB3891 /* NSValue+ZUX.m in Sources */ = {isa = PBXBuildFile; fileRef = 6A63F9E41C02E0E000AB3891 /* NSValue+ZUX.m */; };
		6A63FA281C02E0E000AB3891 /* UIColor+ZUX.m in Sources */ = {isa = PBXBuildFile; fileRef = 6A63F9E71C02E0E000AB3891 /* UIColor+ZUX.m */; };
		6A63FA291C02E0E000AB3891 /* UIControl+ZUX.m in Sources */ = {isa = PBXBuildFile; fileRef = 6A63F9E91C02E0E000AB3891 /* UIControl+ZUX.m */; };
		6A63FA2A1C02E0E000AB3891 /* UIImage+ZUX.m in Sources */ = {isa = PBXBuildFile; fileRef = 6A63F9EB1C02E0E000AB3891 /* UIImage+ZUX.m */; };
		6A63FA2B1C02E0E000AB3891 /* UILabel+ZUX.m in Sources */ = {isa = PBXBuildFile; fileRef = 6A63F9ED1C02E0E000AB3891 /* UILabel+ZUX.m */; };
		6A63FA2C1C02E0E000AB3891 /* UIView+ZUX.m in Sources */ = {isa = PBXBuildFile; fileRef = 6A63F9EF1C02E0E000AB3891 /* UIView+ZUX.m */; };
		6A63FA2D1C02E0E000AB3891 /* UIViewController+ZUX.m in Sources */ = {isa = PBXBuildFile; fileRef = 6A63F9F11C02E0E000AB3891 /* UIViewController+ZUX.m */; };
		6A63FA2E1C02E0E000AB3891 /* ZUXConstraint.m in Sources */ = {isa = PBXBuildFile; fileRef = 6A63F9F91C02E0E000AB3891 /* ZUXConstraint.m */; };
		6A63FA2F1C02E0E000AB3891 /* ZUXTransform.m in Sources */ = {isa = PBXBuildFile; fileRef = 6A63F9FB1C02E0E000AB3891 /* ZUXTransform.m */; };
		6A63FA301C02E0E000AB3891 /* MBProgressHUD.m in Sources */ = {isa = PBXBuildFile; fileRef = 6A63F9FE1C02E0E000AB3891 /* MBProgressHUD.m */; };
		6A63FA311C02E0E000AB3891 /* UIView+MBProgressHUD.m in Sources */ = {isa = PBXBuildFile; fileRef = 6A63FA001C02E0E000AB3891 /* UIView+MBProgressHUD.m */; };
		6A63FA321C02E0E000AB3891 /* ZUXDirectory.m in Sources */ = {isa = PBXBuildFile; fileRef = 6A63FA061C02E0E000AB3891 /* ZUXDirectory.m */; };
		6A63FA331C02E0E000AB3891 /* ZUXGeometry.m in Sources */ = {isa = PBXBuildFile; fileRef = 6A63FA081C02E0E000AB3891 /* ZUXGeometry.m */; };
		6A63FA341C02E0E000AB3891 /* ZUXJson.m in Sources */ = {isa = PBXBuildFile; fileRef = 6A63FA0A1C02E0E000AB3891 /* ZUXJson.m */; };
		6A63FA351C02E0E000AB3891 /* ZUXRuntime.m in Sources */ = {isa = PBXBuildFile; fileRef = 6A63FA0C1C02E0E000AB3891 /* ZUXRuntime.m */; };
		6A63FA361C02E0E000AB3891 /* ZUXControl.m in Sources */ = {isa = PBXBuildFile; fileRef = 6A63FA101C02E0E000AB3891 /* ZUXControl.m */; };
		6A63FA371C02E0E000AB3891 /* ZUXImageView.m in Sources */ = {isa = PBXBuildFile; fileRef = 6A63FA121C02E0E000AB3891 /* ZUXImageView.m */; };
		6A63FA381C02E0E000AB3891 /* ZUXLabel.m in Sources */ = {isa = PBXBuildFile; fileRef = 6A63FA141C02E0E000AB3891 /* ZUXLabel.m */; };
		6A63FA391C02E0E000AB3891 /* ZUXPageControl.m in Sources */ = {isa = PBXBuildFile; fileRef = 6A63FA161C02E0E000AB3891 /* ZUXPageControl.m */; };
		6A63FA3A1C02E0E000AB3891 /* ZUXRefreshView.m in Sources */ = {isa = PBXBuildFile; fileRef = 6A63FA181C02E0E000AB3891 /* ZUXRefreshView.m */; };
		6A63FA3B1C02E0E000AB3891 /* ZUXSearchBar.m in Sources */ = {isa = PBXBuildFile; fileRef = 6A63FA1A1C02E0E000AB3891 /* ZUXSearchBar.m */; };
		6A63FA3C1C02E0E000AB3891 /* ZUXView.m in Sources */ = {isa = PBXBuildFile; fileRef = 6A63FA1C1C02E0E000AB3891 /* ZUXView.m */; };
		6A63FA411C02E2F400AB3891 /* ZUXCategory.h in CopyFiles */ = {isa = PBXBuildFile; fileRef = 6A63FA041C02E0E000AB3891 /* ZUXCategory.h */; };
		6A63FA421C02E2F400AB3891 /* ZUXDirectory.h in CopyFiles */ = {isa = PBXBuildFile; fileRef = 6A63FA051C02E0E000AB3891 /* ZUXDirectory.h */; };
		6A63FA431C02E2F400AB3891 /* ZUXGeometry.h in CopyFiles */ = {isa = PBXBuildFile; fileRef = 6A63FA071C02E0E000AB3891 /* ZUXGeometry.h */; };
		6A63FA441C02E2F400AB3891 /* ZUXJson.h in CopyFiles */ = {isa = PBXBuildFile; fileRef = 6A63FA091C02E0E000AB3891 /* ZUXJson.h */; };
		6A63FA451C02E2F400AB3891 /* ZUXRuntime.h in CopyFiles */ = {isa = PBXBuildFile; fileRef = 6A63FA0B1C02E0E000AB3891 /* ZUXRuntime.h */; };
		6A63FA461C02E2F400AB3891 /* ZUXSingleton.h in CopyFiles */ = {isa = PBXBuildFile; fileRef = 6A63FA0D1C02E0E000AB3891 /* ZUXSingleton.h */; };
		6A63FA471C02E2F400AB3891 /* ZUXControl.h in CopyFiles */ = {isa = PBXBuildFile; fileRef = 6A63FA0F1C02E0E000AB3891 /* ZUXControl.h */; };
		6A63FA481C02E2F400AB3891 /* ZUXImageView.h in CopyFiles */ = {isa = PBXBuildFile; fileRef = 6A63FA111C02E0E000AB3891 /* ZUXImageView.h */; };
		6A63FA491C02E2F400AB3891 /* ZUXLabel.h in CopyFiles */ = {isa = PBXBuildFile; fileRef = 6A63FA131C02E0E000AB3891 /* ZUXLabel.h */; };
		6A63FA4A1C02E2F400AB3891 /* ZUXPageControl.h in CopyFiles */ = {isa = PBXBuildFile; fileRef = 6A63FA151C02E0E000AB3891 /* ZUXPageControl.h */; };
		6A63FA4B1C02E2F400AB3891 /* ZUXRefreshView.h in CopyFiles */ = {isa = PBXBuildFile; fileRef = 6A63FA171C02E0E000AB3891 /* ZUXRefreshView.h */; };
		6A63FA4C1C02E2F400AB3891 /* ZUXSearchBar.h in CopyFiles */ = {isa = PBXBuildFile; fileRef = 6A63FA191C02E0E000AB3891 /* ZUXSearchBar.h */; };
		6A63FA4D1C02E2F400AB3891 /* ZUXView.h in CopyFiles */ = {isa = PBXBuildFile; fileRef = 6A63FA1B1C02E0E000AB3891 /* ZUXView.h */; };
		6A63FA4E1C02E2F400AB3891 /* NSArray+ZUX.h in CopyFiles */ = {isa = PBXBuildFile; fileRef = 6A63F9CF1C02E0E000AB3891 /* NSArray+ZUX.h */; };
		6A63FA4F1C02E2F400AB3891 /* NSCoder+ZUX.h in CopyFiles */ = {isa = PBXBuildFile; fileRef = 6A63F9D11C02E0E000AB3891 /* NSCoder+ZUX.h */; };
		6A63FA501C02E2F400AB3891 /* NSData+ZUX.h in CopyFiles */ = {isa = PBXBuildFile; fileRef = 6A63F9D31C02E0E000AB3891 /* NSData+ZUX.h */; };
		6A63FA511C02E2F400AB3891 /* NSDictionary+ZUX.h in CopyFiles */ = {isa = PBXBuildFile; fileRef = 6A63F9D51C02E0E000AB3891 /* NSDictionary+ZUX.h */; };
		6A63FA521C02E2F400AB3891 /* NSExpression+ZUX.h in CopyFiles */ = {isa = PBXBuildFile; fileRef = 6A63F9D71C02E0E000AB3891 /* NSExpression+ZUX.h */; };
		6A63FA531C02E2F400AB3891 /* NSNull+ZUX.h in CopyFiles */ = {isa = PBXBuildFile; fileRef = 6A63F9D91C02E0E000AB3891 /* NSNull+ZUX.h */; };
		6A63FA541C02E2F400AB3891 /* NSNumber+ZUX.h in CopyFiles */ = {isa = PBXBuildFile; fileRef = 6A63F9DB1C02E0E000AB3891 /* NSNumber+ZUX.h */; };
		6A63FA551C02E2F400AB3891 /* NSObject+ZUX.h in CopyFiles */ = {isa = PBXBuildFile; fileRef = 6A63F9DD1C02E0E000AB3891 /* NSObject+ZUX.h */; };
		6A63FA561C02E2F400AB3891 /* NSObject+ZUXJson.h in CopyFiles */ = {isa = PBXBuildFile; fileRef = 6A63F9DF1C02E0E000AB3891 /* NSObject+ZUXJson.h */; };
		6A63FA571C02E2F400AB3891 /* NSString+ZUX.h in CopyFiles */ = {isa = PBXBuildFile; fileRef = 6A63F9E11C02E0E000AB3891 /* NSString+ZUX.h */; };
		6A63FA581C02E2F400AB3891 /* NSValue+ZUX.h in CopyFiles */ = {isa = PBXBuildFile; fileRef = 6A63F9E31C02E0E000AB3891 /* NSValue+ZUX.h */; };
		6A63FA591C02E2F400AB3891 /* UIColor+ZUX.h in CopyFiles */ = {isa = PBXBuildFile; fileRef = 6A63F9E61C02E0E000AB3891 /* UIColor+ZUX.h */; };
		6A63FA5A1C02E2F400AB3891 /* UIControl+ZUX.h in CopyFiles */ = {isa = PBXBuildFile; fileRef = 6A63F9E81C02E0E000AB3891 /* UIControl+ZUX.h */; };
		6A63FA5B1C02E2F400AB3891 /* UIImage+ZUX.h in CopyFiles */ = {isa = PBXBuildFile; fileRef = 6A63F9EA1C02E0E000AB3891 /* UIImage+ZUX.h */; };
		6A63FA5C1C02E2F400AB3891 /* UILabel+ZUX.h in CopyFiles */ = {isa = PBXBuildFile; fileRef = 6A63F9EC1C02E0E000AB3891 /* UILabel+ZUX.h */; };
		6A63FA5D1C02E2F400AB3891 /* UIView+ZUX.h in CopyFiles */ = {isa = PBXBuildFile; fileRef = 6A63F9EE1C02E0E000AB3891 /* UIView+ZUX.h */; };
		6A63FA5E1C02E2F400AB3891 /* UIViewController+ZUX.h in CopyFiles */ = {isa = PBXBuildFile; fileRef = 6A63F9F01C02E0E000AB3891 /* UIViewController+ZUX.h */; };
		6A63FA5F1C02E2F400AB3891 /* ZUXConstraint.h in CopyFiles */ = {isa = PBXBuildFile; fileRef = 6A63F9F81C02E0E000AB3891 /* ZUXConstraint.h */; };
		6A63FA601C02E2F400AB3891 /* ZUXTransform.h in CopyFiles */ = {isa = PBXBuildFile; fileRef = 6A63F9FA1C02E0E000AB3891 /* ZUXTransform.h */; };
		6A63FA611C02E2F400AB3891 /* MBProgressHUD.h in CopyFiles */ = {isa = PBXBuildFile; fileRef = 6A63F9FD1C02E0E000AB3891 /* MBProgressHUD.h */; };
		6A63FA621C02E2F400AB3891 /* UIView+MBProgressHUD.h in CopyFiles */ = {isa = PBXBuildFile; fileRef = 6A63F9FF1C02E0E000AB3891 /* UIView+MBProgressHUD.h */; };
		6A63FA641C02E30B00AB3891 /* ZUtilsX.h in CopyFiles */ = {isa = PBXBuildFile; fileRef = 6A63F9B51C02E00D00AB3891 /* ZUtilsX.h */; };
		6A648B531C1E5C7A0077F276 /* UITabBar+ZUX.m in Sources */ = {isa = PBXBuildFile; fileRef = 6A648B521C1E5C7A0077F276 /* UITabBar+ZUX.m */; };
		6A648B561C1E612E0077F276 /* UITabBar+ZUX.h in CopyFiles */ = {isa = PBXBuildFile; fileRef = 6A648B511C1E5C7A0077F276 /* UITabBar+ZUX.h */; };
		6A648B591C1E86CE0077F276 /* UIBarItem+ZUX.m in Sources */ = {isa = PBXBuildFile; fileRef = 6A648B581C1E86CE0077F276 /* UIBarItem+ZUX.m */; };
		6A648B5A1C1E8C2F0077F276 /* UIBarItem+ZUX.h in CopyFiles */ = {isa = PBXBuildFile; fileRef = 6A648B571C1E86CE0077F276 /* UIBarItem+ZUX.h */; };
		6A648B5D1C1E94AD0077F276 /* ZUXKeychain.m in Sources */ = {isa = PBXBuildFile; fileRef = 6A648B5C1C1E94AD0077F276 /* ZUXKeychain.m */; };
		6A648B5E1C1EAF970077F276 /* ZUXKeychain.h in CopyFiles */ = {isa = PBXBuildFile; fileRef = 6A648B5B1C1E94AD0077F276 /* ZUXKeychain.h */; };
		6A648B601C1EB3F10077F276 /* ZUXKeychainTest.m in Sources */ = {isa = PBXBuildFile; fileRef = 6A648B5F1C1EB3F10077F276 /* ZUXKeychainTest.m */; };
		6A648B671C1EC5E40077F276 /* UIApplication+ZUX.m in Sources */ = {isa = PBXBuildFile; fileRef = 6A648B661C1EC5E40077F276 /* UIApplication+ZUX.m */; };
		6A648B681C1EE59A0077F276 /* UIApplication+ZUX.h in CopyFiles */ = {isa = PBXBuildFile; fileRef = 6A648B651C1EC5E40077F276 /* UIApplication+ZUX.h */; };
		6A6A3D861C191E9600847DEF /* UINavigationBar+ZUX.m in Sources */ = {isa = PBXBuildFile; fileRef = 6A6A3D851C191E9600847DEF /* UINavigationBar+ZUX.m */; };
		6A6A3D871C1961FB00847DEF /* UINavigationBar+ZUX.h in CopyFiles */ = {isa = PBXBuildFile; fileRef = 6A6A3D841C191E9600847DEF /* UINavigationBar+ZUX.h */; };
		6A6A3D941C1983C700847DEF /* ZUXColorDictionary.m in Sources */ = {isa = PBXBuildFile; fileRef = 6A6A3D931C1983C700847DEF /* ZUXColorDictionary.m */; };
		6A6A3D951C19840D00847DEF /* ZUXColorDictionary.h in CopyFiles */ = {isa = PBXBuildFile; fileRef = 6A6A3D921C1983C700847DEF /* ZUXColorDictionary.h */; };
		6A7B861D1C29496E00FF864E /* UIImageZUXTest.m in Sources */ = {isa = PBXBuildFile; fileRef = 6A7B861C1C29496E00FF864E /* UIImageZUXTest.m */; };
		6AE7ABEA1C1FD8BE0061A235 /* UIBarButtonItem+ZUX.m in Sources */ = {isa = PBXBuildFile; fileRef = 6AE7ABE91C1FD8BE0061A235 /* UIBarButtonItem+ZUX.m */; };
		6AE7ABEB1C20006B0061A235 /* UIBarButtonItem+ZUX.h in CopyFiles */ = {isa = PBXBuildFile; fileRef = 6AE7ABE81C1FD8BE0061A235 /* UIBarButtonItem+ZUX.h */; };
/* End PBXBuildFile section */

/* Begin PBXContainerItemProxy section */
		6A63F9C81C02E05400AB3891 /* PBXContainerItemProxy */ = {
			isa = PBXContainerItemProxy;
			containerPortal = 6A63F9AA1C02E00D00AB3891 /* Project object */;
			proxyType = 1;
			remoteGlobalIDString = 6A63F9B11C02E00D00AB3891;
			remoteInfo = ZUtilsX;
		};
/* End PBXContainerItemProxy section */

/* Begin PBXCopyFilesBuildPhase section */
		6A63F9B01C02E00D00AB3891 /* CopyFiles */ = {
			isa = PBXCopyFilesBuildPhase;
			buildActionMask = 2147483647;
			dstPath = Headers;
			dstSubfolderSpec = 16;
			files = (
				6AE7ABEB1C20006B0061A235 /* UIBarButtonItem+ZUX.h in CopyFiles */,
				6A648B681C1EE59A0077F276 /* UIApplication+ZUX.h in CopyFiles */,
				6A648B5E1C1EAF970077F276 /* ZUXKeychain.h in CopyFiles */,
				6A648B5A1C1E8C2F0077F276 /* UIBarItem+ZUX.h in CopyFiles */,
				6A648B561C1E612E0077F276 /* UITabBar+ZUX.h in CopyFiles */,
				6A6A3D951C19840D00847DEF /* ZUXColorDictionary.h in CopyFiles */,
				6A6A3D871C1961FB00847DEF /* UINavigationBar+ZUX.h in CopyFiles */,
				6A5B155C1C0C3C2F006B8673 /* ZUXBundle.h in CopyFiles */,
				6A1794701C05D8A300FF5870 /* NSDate+ZUX.h in CopyFiles */,
				6A1794711C05D8A300FF5870 /* UITextField+ZUX.h in CopyFiles */,
				6A1794721C05D8A300FF5870 /* UITextView+ZUX.h in CopyFiles */,
				6A1794731C05D8A300FF5870 /* UITabBarItem+ZUX.h in CopyFiles */,
				6A0F897A1C0361CB0003948C /* UIDevice+ZUX.h in CopyFiles */,
				6A0F89651C0347620003948C /* zobjc.h in CopyFiles */,
				6A0F89661C0347620003948C /* zarc.h in CopyFiles */,
				6A0F89671C0347620003948C /* zadapt.h in CopyFiles */,
				6A0F89681C0347620003948C /* zconstant.h in CopyFiles */,
				6A63FA411C02E2F400AB3891 /* ZUXCategory.h in CopyFiles */,
				6A63FA421C02E2F400AB3891 /* ZUXDirectory.h in CopyFiles */,
				6A63FA431C02E2F400AB3891 /* ZUXGeometry.h in CopyFiles */,
				6A63FA441C02E2F400AB3891 /* ZUXJson.h in CopyFiles */,
				6A63FA451C02E2F400AB3891 /* ZUXRuntime.h in CopyFiles */,
				6A63FA461C02E2F400AB3891 /* ZUXSingleton.h in CopyFiles */,
				6A63FA471C02E2F400AB3891 /* ZUXControl.h in CopyFiles */,
				6A63FA481C02E2F400AB3891 /* ZUXImageView.h in CopyFiles */,
				6A63FA491C02E2F400AB3891 /* ZUXLabel.h in CopyFiles */,
				6A63FA4A1C02E2F400AB3891 /* ZUXPageControl.h in CopyFiles */,
				6A63FA4B1C02E2F400AB3891 /* ZUXRefreshView.h in CopyFiles */,
				6A63FA4C1C02E2F400AB3891 /* ZUXSearchBar.h in CopyFiles */,
				6A63FA4D1C02E2F400AB3891 /* ZUXView.h in CopyFiles */,
				6A63FA4E1C02E2F400AB3891 /* NSArray+ZUX.h in CopyFiles */,
				6A63FA4F1C02E2F400AB3891 /* NSCoder+ZUX.h in CopyFiles */,
				6A63FA501C02E2F400AB3891 /* NSData+ZUX.h in CopyFiles */,
				6A63FA511C02E2F400AB3891 /* NSDictionary+ZUX.h in CopyFiles */,
				6A63FA521C02E2F400AB3891 /* NSExpression+ZUX.h in CopyFiles */,
				6A63FA531C02E2F400AB3891 /* NSNull+ZUX.h in CopyFiles */,
				6A63FA541C02E2F400AB3891 /* NSNumber+ZUX.h in CopyFiles */,
				6A63FA551C02E2F400AB3891 /* NSObject+ZUX.h in CopyFiles */,
				6A63FA561C02E2F400AB3891 /* NSObject+ZUXJson.h in CopyFiles */,
				6A63FA571C02E2F400AB3891 /* NSString+ZUX.h in CopyFiles */,
				6A63FA581C02E2F400AB3891 /* NSValue+ZUX.h in CopyFiles */,
				6A63FA591C02E2F400AB3891 /* UIColor+ZUX.h in CopyFiles */,
				6A63FA5A1C02E2F400AB3891 /* UIControl+ZUX.h in CopyFiles */,
				6A63FA5B1C02E2F400AB3891 /* UIImage+ZUX.h in CopyFiles */,
				6A63FA5C1C02E2F400AB3891 /* UILabel+ZUX.h in CopyFiles */,
				6A63FA5D1C02E2F400AB3891 /* UIView+ZUX.h in CopyFiles */,
				6A63FA5E1C02E2F400AB3891 /* UIViewController+ZUX.h in CopyFiles */,
				6A63FA5F1C02E2F400AB3891 /* ZUXConstraint.h in CopyFiles */,
				6A63FA601C02E2F400AB3891 /* ZUXTransform.h in CopyFiles */,
				6A63FA611C02E2F400AB3891 /* MBProgressHUD.h in CopyFiles */,
				6A63FA621C02E2F400AB3891 /* UIView+MBProgressHUD.h in CopyFiles */,
			);
			runOnlyForDeploymentPostprocessing = 0;
		};
		6A63FA631C02E30300AB3891 /* CopyFiles */ = {
			isa = PBXCopyFilesBuildPhase;
			buildActionMask = 2147483647;
			dstPath = "";
			dstSubfolderSpec = 7;
			files = (
				6A63FA641C02E30B00AB3891 /* ZUtilsX.h in CopyFiles */,
			);
			runOnlyForDeploymentPostprocessing = 0;
		};
/* End PBXCopyFilesBuildPhase section */

/* Begin PBXFileReference section */
		6A0F895F1C0346900003948C /* zadapt.h */ = {isa = PBXFileReference; fileEncoding = 4; lastKnownFileType = sourcecode.c.h; path = zadapt.h; sourceTree = "<group>"; };
		6A0F89601C0346900003948C /* zarc.h */ = {isa = PBXFileReference; fileEncoding = 4; lastKnownFileType = sourcecode.c.h; path = zarc.h; sourceTree = "<group>"; };
		6A0F89611C0346900003948C /* zconstant.h */ = {isa = PBXFileReference; fileEncoding = 4; lastKnownFileType = sourcecode.c.h; path = zconstant.h; sourceTree = "<group>"; };
		6A0F89621C0346900003948C /* zobjc.h */ = {isa = PBXFileReference; fileEncoding = 4; lastKnownFileType = sourcecode.c.h; path = zobjc.h; sourceTree = "<group>"; };
		6A0F896A1C0348C70003948C /* ZUXSingletonTest.m */ = {isa = PBXFileReference; fileEncoding = 4; lastKnownFileType = sourcecode.c.objc; name = ZUXSingletonTest.m; path = Utils/ZUXSingletonTest.m; sourceTree = "<group>"; };
		6A0F896C1C034DA10003948C /* ZUXGeometryTest.m */ = {isa = PBXFileReference; fileEncoding = 4; lastKnownFileType = sourcecode.c.objc; name = ZUXGeometryTest.m; path = Utils/ZUXGeometryTest.m; sourceTree = "<group>"; };
		6A0F896E1C034E5C0003948C /* ZUXRuntimeTest.m */ = {isa = PBXFileReference; fileEncoding = 4; lastKnownFileType = sourcecode.c.objc; name = ZUXRuntimeTest.m; path = Utils/ZUXRuntimeTest.m; sourceTree = "<group>"; };
		6A0F89701C03528D0003948C /* ZUXJsonTest.m */ = {isa = PBXFileReference; fileEncoding = 4; lastKnownFileType = sourcecode.c.objc; name = ZUXJsonTest.m; path = Utils/ZUXJsonTest.m; sourceTree = "<group>"; };
		6A0F89721C0356B90003948C /* ZUXDirectoryTest.m */ = {isa = PBXFileReference; fileEncoding = 4; lastKnownFileType = sourcecode.c.objc; name = ZUXDirectoryTest.m; path = Utils/ZUXDirectoryTest.m; sourceTree = "<group>"; };
		6A0F89771C0359C80003948C /* UIDevice+ZUX.h */ = {isa = PBXFileReference; fileEncoding = 4; lastKnownFileType = sourcecode.c.h; path = "UIDevice+ZUX.h"; sourceTree = "<group>"; };
		6A0F89781C0359C80003948C /* UIDevice+ZUX.m */ = {isa = PBXFileReference; fileEncoding = 4; lastKnownFileType = sourcecode.c.objc; path = "UIDevice+ZUX.m"; sourceTree = "<group>"; };
		6A1087E21C047E870062160C /* NSObjectZUXTest.m */ = {isa = PBXFileReference; fileEncoding = 4; lastKnownFileType = sourcecode.c.objc; name = NSObjectZUXTest.m; path = Categories/Foundation/NSObjectZUXTest.m; sourceTree = "<group>"; };
		6A1087E41C04871E0062160C /* NSObjectZUXJsonTest.m */ = {isa = PBXFileReference; fileEncoding = 4; lastKnownFileType = sourcecode.c.objc; name = NSObjectZUXJsonTest.m; path = Categories/Foundation/NSObjectZUXJsonTest.m; sourceTree = "<group>"; };
		6A1087E61C048D780062160C /* NSArrayZUXTest.m */ = {isa = PBXFileReference; fileEncoding = 4; lastKnownFileType = sourcecode.c.objc; name = NSArrayZUXTest.m; path = Categories/Foundation/NSArrayZUXTest.m; sourceTree = "<group>"; };
		6A1087E81C048D8B0062160C /* NSDictionaryZUXTest.m */ = {isa = PBXFileReference; fileEncoding = 4; lastKnownFileType = sourcecode.c.objc; name = NSDictionaryZUXTest.m; path = Categories/Foundation/NSDictionaryZUXTest.m; sourceTree = "<group>"; };
		6A1087EA1C0496110062160C /* NSStringZUXTest.m */ = {isa = PBXFileReference; fileEncoding = 4; lastKnownFileType = sourcecode.c.objc; name = NSStringZUXTest.m; path = Categories/Foundation/NSStringZUXTest.m; sourceTree = "<group>"; };
		6A17637A1C06B83800EC52FE /* UIColorZUXTest.m */ = {isa = PBXFileReference; fileEncoding = 4; lastKnownFileType = sourcecode.c.objc; name = UIColorZUXTest.m; path = Categories/UIKit/UIColorZUXTest.m; sourceTree = "<group>"; };
		6A17637C1C06D85000EC52FE /* UIViewControllerZUXTest.m */ = {isa = PBXFileReference; fileEncoding = 4; lastKnownFileType = sourcecode.c.objc; name = UIViewControllerZUXTest.m; path = Categories/UIKit/UIViewControllerZUXTest.m; sourceTree = "<group>"; };
		6A17637F1C06DAB600EC52FE /* ZUXConstraintTest.m */ = {isa = PBXFileReference; fileEncoding = 4; lastKnownFileType = sourcecode.c.objc; name = ZUXConstraintTest.m; path = Entities/ZUXConstraintTest.m; sourceTree = "<group>"; };
		6A1763811C06DAE000EC52FE /* ZUXTransformTest.m */ = {isa = PBXFileReference; fileEncoding = 4; lastKnownFileType = sourcecode.c.objc; name = ZUXTransformTest.m; path = Entities/ZUXTransformTest.m; sourceTree = "<group>"; };
		6A1794621C05BB1300FF5870 /* UITextView+ZUX.h */ = {isa = PBXFileReference; fileEncoding = 4; lastKnownFileType = sourcecode.c.h; path = "UITextView+ZUX.h"; sourceTree = "<group>"; };
		6A1794631C05BB1300FF5870 /* UITextView+ZUX.m */ = {isa = PBXFileReference; fileEncoding = 4; lastKnownFileType = sourcecode.c.objc; path = "UITextView+ZUX.m"; sourceTree = "<group>"; };
		6A1794651C05BB4300FF5870 /* UITextField+ZUX.h */ = {isa = PBXFileReference; fileEncoding = 4; lastKnownFileType = sourcecode.c.h; path = "UITextField+ZUX.h"; sourceTree = "<group>"; };
		6A1794661C05BB4300FF5870 /* UITextField+ZUX.m */ = {isa = PBXFileReference; fileEncoding = 4; lastKnownFileType = sourcecode.c.objc; path = "UITextField+ZUX.m"; sourceTree = "<group>"; };
		6A1794681C05CF0B00FF5870 /* NSDate+ZUX.h */ = {isa = PBXFileReference; fileEncoding = 4; lastKnownFileType = sourcecode.c.h; path = "NSDate+ZUX.h"; sourceTree = "<group>"; };
		6A1794691C05CF0B00FF5870 /* NSDate+ZUX.m */ = {isa = PBXFileReference; fileEncoding = 4; lastKnownFileType = sourcecode.c.objc; path = "NSDate+ZUX.m"; sourceTree = "<group>"; };
		6A17946B1C05D45800FF5870 /* UITabBarItem+ZUX.h */ = {isa = PBXFileReference; fileEncoding = 4; lastKnownFileType = sourcecode.c.h; path = "UITabBarItem+ZUX.h"; sourceTree = "<group>"; };
		6A17946C1C05D45800FF5870 /* UITabBarItem+ZUX.m */ = {isa = PBXFileReference; fileEncoding = 4; lastKnownFileType = sourcecode.c.objc; path = "UITabBarItem+ZUX.m"; sourceTree = "<group>"; };
		6A17946E1C05D58600FF5870 /* NSDateZUXTest.m */ = {isa = PBXFileReference; fileEncoding = 4; lastKnownFileType = sourcecode.c.objc; name = NSDateZUXTest.m; path = Categories/Foundation/NSDateZUXTest.m; sourceTree = "<group>"; };
		6A5024B11C1A70F6002A7E99 /* ZUXColorDictionaryTest.m */ = {isa = PBXFileReference; fileEncoding = 4; lastKnownFileType = sourcecode.c.objc; name = ZUXColorDictionaryTest.m; path = Entities/ZUXColorDictionaryTest.m; sourceTree = "<group>"; };
		6A5024B31C1A72BE002A7E99 /* ZUXColorDictionaryTest.plist */ = {isa = PBXFileReference; fileEncoding = 4; lastKnownFileType = text.plist.xml; name = ZUXColorDictionaryTest.plist; path = Entities/ZUXColorDictionaryTest.plist; sourceTree = "<group>"; };
		6A5024B51C1AB703002A7E99 /* ZUXColorDictionaryTest2.plist */ = {isa = PBXFileReference; fileEncoding = 4; lastKnownFileType = text.plist.xml; name = ZUXColorDictionaryTest2.plist; path = Entities/ZUXColorDictionaryTest2.plist; sourceTree = "<group>"; };
		6A5332531C108F910088F2B0 /* ZUXJSONKit.h */ = {isa = PBXFileReference; fileEncoding = 4; lastKnownFileType = sourcecode.c.h; path = ZUXJSONKit.h; sourceTree = "<group>"; };
		6A5332541C108F910088F2B0 /* ZUXJSONKit.m */ = {isa = PBXFileReference; fileEncoding = 4; lastKnownFileType = sourcecode.c.objc; path = ZUXJSONKit.m; sourceTree = "<group>"; };
		6A5332561C108FF90088F2B0 /* ZUXJSONKitTest.m */ = {isa = PBXFileReference; fileEncoding = 4; lastKnownFileType = sourcecode.c.objc; name = ZUXJSONKitTest.m; path = Utils/ZUXJSONKitTest.m; sourceTree = "<group>"; };
		6A5B15591C0C350F006B8673 /* ZUXBundle.h */ = {isa = PBXFileReference; fileEncoding = 4; lastKnownFileType = sourcecode.c.h; path = ZUXBundle.h; sourceTree = "<group>"; };
		6A5B155A1C0C350F006B8673 /* ZUXBundle.m */ = {isa = PBXFileReference; fileEncoding = 4; lastKnownFileType = sourcecode.c.objc; path = ZUXBundle.m; sourceTree = "<group>"; };
		6A63F9B21C02E00D00AB3891 /* libZUtilsX.a */ = {isa = PBXFileReference; explicitFileType = archive.ar; includeInIndex = 0; path = libZUtilsX.a; sourceTree = BUILT_PRODUCTS_DIR; };
		6A63F9B51C02E00D00AB3891 /* ZUtilsX.h */ = {isa = PBXFileReference; lastKnownFileType = sourcecode.c.h; path = ZUtilsX.h; sourceTree = "<group>"; };
		6A63F9C21C02E05400AB3891 /* ZUtilsTests.xctest */ = {isa = PBXFileReference; explicitFileType = wrapper.cfbundle; includeInIndex = 0; path = ZUtilsTests.xctest; sourceTree = BUILT_PRODUCTS_DIR; };
		6A63F9C61C02E05400AB3891 /* Info.plist */ = {isa = PBXFileReference; lastKnownFileType = text.plist.xml; path = Info.plist; sourceTree = "<group>"; };
		6A63F9CF1C02E0E000AB3891 /* NSArray+ZUX.h */ = {isa = PBXFileReference; fileEncoding = 4; lastKnownFileType = sourcecode.c.h; path = "NSArray+ZUX.h"; sourceTree = "<group>"; };
		6A63F9D01C02E0E000AB3891 /* NSArray+ZUX.m */ = {isa = PBXFileReference; fileEncoding = 4; lastKnownFileType = sourcecode.c.objc; path = "NSArray+ZUX.m"; sourceTree = "<group>"; };
		6A63F9D11C02E0E000AB3891 /* NSCoder+ZUX.h */ = {isa = PBXFileReference; fileEncoding = 4; lastKnownFileType = sourcecode.c.h; path = "NSCoder+ZUX.h"; sourceTree = "<group>"; };
		6A63F9D21C02E0E000AB3891 /* NSCoder+ZUX.m */ = {isa = PBXFileReference; fileEncoding = 4; lastKnownFileType = sourcecode.c.objc; path = "NSCoder+ZUX.m"; sourceTree = "<group>"; };
		6A63F9D31C02E0E000AB3891 /* NSData+ZUX.h */ = {isa = PBXFileReference; fileEncoding = 4; lastKnownFileType = sourcecode.c.h; path = "NSData+ZUX.h"; sourceTree = "<group>"; };
		6A63F9D41C02E0E000AB3891 /* NSData+ZUX.m */ = {isa = PBXFileReference; fileEncoding = 4; lastKnownFileType = sourcecode.c.objc; path = "NSData+ZUX.m"; sourceTree = "<group>"; };
		6A63F9D51C02E0E000AB3891 /* NSDictionary+ZUX.h */ = {isa = PBXFileReference; fileEncoding = 4; lastKnownFileType = sourcecode.c.h; path = "NSDictionary+ZUX.h"; sourceTree = "<group>"; };
		6A63F9D61C02E0E000AB3891 /* NSDictionary+ZUX.m */ = {isa = PBXFileReference; fileEncoding = 4; lastKnownFileType = sourcecode.c.objc; path = "NSDictionary+ZUX.m"; sourceTree = "<group>"; };
		6A63F9D71C02E0E000AB3891 /* NSExpression+ZUX.h */ = {isa = PBXFileReference; fileEncoding = 4; lastKnownFileType = sourcecode.c.h; path = "NSExpression+ZUX.h"; sourceTree = "<group>"; };
		6A63F9D81C02E0E000AB3891 /* NSExpression+ZUX.m */ = {isa = PBXFileReference; fileEncoding = 4; lastKnownFileType = sourcecode.c.objc; path = "NSExpression+ZUX.m"; sourceTree = "<group>"; };
		6A63F9D91C02E0E000AB3891 /* NSNull+ZUX.h */ = {isa = PBXFileReference; fileEncoding = 4; lastKnownFileType = sourcecode.c.h; path = "NSNull+ZUX.h"; sourceTree = "<group>"; };
		6A63F9DA1C02E0E000AB3891 /* NSNull+ZUX.m */ = {isa = PBXFileReference; fileEncoding = 4; lastKnownFileType = sourcecode.c.objc; path = "NSNull+ZUX.m"; sourceTree = "<group>"; };
		6A63F9DB1C02E0E000AB3891 /* NSNumber+ZUX.h */ = {isa = PBXFileReference; fileEncoding = 4; lastKnownFileType = sourcecode.c.h; path = "NSNumber+ZUX.h"; sourceTree = "<group>"; };
		6A63F9DC1C02E0E000AB3891 /* NSNumber+ZUX.m */ = {isa = PBXFileReference; fileEncoding = 4; lastKnownFileType = sourcecode.c.objc; path = "NSNumber+ZUX.m"; sourceTree = "<group>"; };
		6A63F9DD1C02E0E000AB3891 /* NSObject+ZUX.h */ = {isa = PBXFileReference; fileEncoding = 4; lastKnownFileType = sourcecode.c.h; path = "NSObject+ZUX.h"; sourceTree = "<group>"; };
		6A63F9DE1C02E0E000AB3891 /* NSObject+ZUX.m */ = {isa = PBXFileReference; fileEncoding = 4; lastKnownFileType = sourcecode.c.objc; path = "NSObject+ZUX.m"; sourceTree = "<group>"; };
		6A63F9DF1C02E0E000AB3891 /* NSObject+ZUXJson.h */ = {isa = PBXFileReference; fileEncoding = 4; lastKnownFileType = sourcecode.c.h; path = "NSObject+ZUXJson.h"; sourceTree = "<group>"; };
		6A63F9E01C02E0E000AB3891 /* NSObject+ZUXJson.m */ = {isa = PBXFileReference; fileEncoding = 4; lastKnownFileType = sourcecode.c.objc; path = "NSObject+ZUXJson.m"; sourceTree = "<group>"; };
		6A63F9E11C02E0E000AB3891 /* NSString+ZUX.h */ = {isa = PBXFileReference; fileEncoding = 4; lastKnownFileType = sourcecode.c.h; path = "NSString+ZUX.h"; sourceTree = "<group>"; };
		6A63F9E21C02E0E000AB3891 /* NSString+ZUX.m */ = {isa = PBXFileReference; fileEncoding = 4; lastKnownFileType = sourcecode.c.objc; path = "NSString+ZUX.m"; sourceTree = "<group>"; };
		6A63F9E31C02E0E000AB3891 /* NSValue+ZUX.h */ = {isa = PBXFileReference; fileEncoding = 4; lastKnownFileType = sourcecode.c.h; path = "NSValue+ZUX.h"; sourceTree = "<group>"; };
		6A63F9E41C02E0E000AB3891 /* NSValue+ZUX.m */ = {isa = PBXFileReference; fileEncoding = 4; lastKnownFileType = sourcecode.c.objc; path = "NSValue+ZUX.m"; sourceTree = "<group>"; };
		6A63F9E61C02E0E000AB3891 /* UIColor+ZUX.h */ = {isa = PBXFileReference; fileEncoding = 4; lastKnownFileType = sourcecode.c.h; path = "UIColor+ZUX.h"; sourceTree = "<group>"; };
		6A63F9E71C02E0E000AB3891 /* UIColor+ZUX.m */ = {isa = PBXFileReference; fileEncoding = 4; lastKnownFileType = sourcecode.c.objc; path = "UIColor+ZUX.m"; sourceTree = "<group>"; };
		6A63F9E81C02E0E000AB3891 /* UIControl+ZUX.h */ = {isa = PBXFileReference; fileEncoding = 4; lastKnownFileType = sourcecode.c.h; path = "UIControl+ZUX.h"; sourceTree = "<group>"; };
		6A63F9E91C02E0E000AB3891 /* UIControl+ZUX.m */ = {isa = PBXFileReference; fileEncoding = 4; lastKnownFileType = sourcecode.c.objc; path = "UIControl+ZUX.m"; sourceTree = "<group>"; };
		6A63F9EA1C02E0E000AB3891 /* UIImage+ZUX.h */ = {isa = PBXFileReference; fileEncoding = 4; lastKnownFileType = sourcecode.c.h; path = "UIImage+ZUX.h"; sourceTree = "<group>"; };
		6A63F9EB1C02E0E000AB3891 /* UIImage+ZUX.m */ = {isa = PBXFileReference; fileEncoding = 4; lastKnownFileType = sourcecode.c.objc; path = "UIImage+ZUX.m"; sourceTree = "<group>"; };
		6A63F9EC1C02E0E000AB3891 /* UILabel+ZUX.h */ = {isa = PBXFileReference; fileEncoding = 4; lastKnownFileType = sourcecode.c.h; path = "UILabel+ZUX.h"; sourceTree = "<group>"; };
		6A63F9ED1C02E0E000AB3891 /* UILabel+ZUX.m */ = {isa = PBXFileReference; fileEncoding = 4; lastKnownFileType = sourcecode.c.objc; path = "UILabel+ZUX.m"; sourceTree = "<group>"; };
		6A63F9EE1C02E0E000AB3891 /* UIView+ZUX.h */ = {isa = PBXFileReference; fileEncoding = 4; lastKnownFileType = sourcecode.c.h; path = "UIView+ZUX.h"; sourceTree = "<group>"; };
		6A63F9EF1C02E0E000AB3891 /* UIView+ZUX.m */ = {isa = PBXFileReference; fileEncoding = 4; lastKnownFileType = sourcecode.c.objc; path = "UIView+ZUX.m"; sourceTree = "<group>"; };
		6A63F9F01C02E0E000AB3891 /* UIViewController+ZUX.h */ = {isa = PBXFileReference; fileEncoding = 4; lastKnownFileType = sourcecode.c.h; path = "UIViewController+ZUX.h"; sourceTree = "<group>"; };
		6A63F9F11C02E0E000AB3891 /* UIViewController+ZUX.m */ = {isa = PBXFileReference; fileEncoding = 4; lastKnownFileType = sourcecode.c.objc; path = "UIViewController+ZUX.m"; sourceTree = "<group>"; };
		6A63F9F81C02E0E000AB3891 /* ZUXConstraint.h */ = {isa = PBXFileReference; fileEncoding = 4; lastKnownFileType = sourcecode.c.h; path = ZUXConstraint.h; sourceTree = "<group>"; };
		6A63F9F91C02E0E000AB3891 /* ZUXConstraint.m */ = {isa = PBXFileReference; fileEncoding = 4; lastKnownFileType = sourcecode.c.objc; path = ZUXConstraint.m; sourceTree = "<group>"; };
		6A63F9FA1C02E0E000AB3891 /* ZUXTransform.h */ = {isa = PBXFileReference; fileEncoding = 4; lastKnownFileType = sourcecode.c.h; path = ZUXTransform.h; sourceTree = "<group>"; };
		6A63F9FB1C02E0E000AB3891 /* ZUXTransform.m */ = {isa = PBXFileReference; fileEncoding = 4; lastKnownFileType = sourcecode.c.objc; path = ZUXTransform.m; sourceTree = "<group>"; };
		6A63F9FD1C02E0E000AB3891 /* MBProgressHUD.h */ = {isa = PBXFileReference; fileEncoding = 4; lastKnownFileType = sourcecode.c.h; path = MBProgressHUD.h; sourceTree = "<group>"; };
		6A63F9FE1C02E0E000AB3891 /* MBProgressHUD.m */ = {isa = PBXFileReference; fileEncoding = 4; lastKnownFileType = sourcecode.c.objc; path = MBProgressHUD.m; sourceTree = "<group>"; };
		6A63F9FF1C02E0E000AB3891 /* UIView+MBProgressHUD.h */ = {isa = PBXFileReference; fileEncoding = 4; lastKnownFileType = sourcecode.c.h; path = "UIView+MBProgressHUD.h"; sourceTree = "<group>"; };
		6A63FA001C02E0E000AB3891 /* UIView+MBProgressHUD.m */ = {isa = PBXFileReference; fileEncoding = 4; lastKnownFileType = sourcecode.c.objc; path = "UIView+MBProgressHUD.m"; sourceTree = "<group>"; };
		6A63FA041C02E0E000AB3891 /* ZUXCategory.h */ = {isa = PBXFileReference; fileEncoding = 4; lastKnownFileType = sourcecode.c.h; path = ZUXCategory.h; sourceTree = "<group>"; };
		6A63FA051C02E0E000AB3891 /* ZUXDirectory.h */ = {isa = PBXFileReference; fileEncoding = 4; lastKnownFileType = sourcecode.c.h; path = ZUXDirectory.h; sourceTree = "<group>"; };
		6A63FA061C02E0E000AB3891 /* ZUXDirectory.m */ = {isa = PBXFileReference; fileEncoding = 4; lastKnownFileType = sourcecode.c.objc; path = ZUXDirectory.m; sourceTree = "<group>"; };
		6A63FA071C02E0E000AB3891 /* ZUXGeometry.h */ = {isa = PBXFileReference; fileEncoding = 4; lastKnownFileType = sourcecode.c.h; path = ZUXGeometry.h; sourceTree = "<group>"; };
		6A63FA081C02E0E000AB3891 /* ZUXGeometry.m */ = {isa = PBXFileReference; fileEncoding = 4; lastKnownFileType = sourcecode.c.objc; path = ZUXGeometry.m; sourceTree = "<group>"; };
		6A63FA091C02E0E000AB3891 /* ZUXJson.h */ = {isa = PBXFileReference; fileEncoding = 4; lastKnownFileType = sourcecode.c.h; path = ZUXJson.h; sourceTree = "<group>"; };
		6A63FA0A1C02E0E000AB3891 /* ZUXJson.m */ = {isa = PBXFileReference; fileEncoding = 4; lastKnownFileType = sourcecode.c.objc; path = ZUXJson.m; sourceTree = "<group>"; };
		6A63FA0B1C02E0E000AB3891 /* ZUXRuntime.h */ = {isa = PBXFileReference; fileEncoding = 4; lastKnownFileType = sourcecode.c.h; path = ZUXRuntime.h; sourceTree = "<group>"; };
		6A63FA0C1C02E0E000AB3891 /* ZUXRuntime.m */ = {isa = PBXFileReference; fileEncoding = 4; lastKnownFileType = sourcecode.c.objc; path = ZUXRuntime.m; sourceTree = "<group>"; };
		6A63FA0D1C02E0E000AB3891 /* ZUXSingleton.h */ = {isa = PBXFileReference; fileEncoding = 4; lastKnownFileType = sourcecode.c.h; path = ZUXSingleton.h; sourceTree = "<group>"; };
		6A63FA0F1C02E0E000AB3891 /* ZUXControl.h */ = {isa = PBXFileReference; fileEncoding = 4; lastKnownFileType = sourcecode.c.h; path = ZUXControl.h; sourceTree = "<group>"; };
		6A63FA101C02E0E000AB3891 /* ZUXControl.m */ = {isa = PBXFileReference; fileEncoding = 4; lastKnownFileType = sourcecode.c.objc; path = ZUXControl.m; sourceTree = "<group>"; };
		6A63FA111C02E0E000AB3891 /* ZUXImageView.h */ = {isa = PBXFileReference; fileEncoding = 4; lastKnownFileType = sourcecode.c.h; path = ZUXImageView.h; sourceTree = "<group>"; };
		6A63FA121C02E0E000AB3891 /* ZUXImageView.m */ = {isa = PBXFileReference; fileEncoding = 4; lastKnownFileType = sourcecode.c.objc; path = ZUXImageView.m; sourceTree = "<group>"; };
		6A63FA131C02E0E000AB3891 /* ZUXLabel.h */ = {isa = PBXFileReference; fileEncoding = 4; lastKnownFileType = sourcecode.c.h; path = ZUXLabel.h; sourceTree = "<group>"; };
		6A63FA141C02E0E000AB3891 /* ZUXLabel.m */ = {isa = PBXFileReference; fileEncoding = 4; lastKnownFileType = sourcecode.c.objc; path = ZUXLabel.m; sourceTree = "<group>"; };
		6A63FA151C02E0E000AB3891 /* ZUXPageControl.h */ = {isa = PBXFileReference; fileEncoding = 4; lastKnownFileType = sourcecode.c.h; path = ZUXPageControl.h; sourceTree = "<group>"; };
		6A63FA161C02E0E000AB3891 /* ZUXPageControl.m */ = {isa = PBXFileReference; fileEncoding = 4; lastKnownFileType = sourcecode.c.objc; path = ZUXPageControl.m; sourceTree = "<group>"; };
		6A63FA171C02E0E000AB3891 /* ZUXRefreshView.h */ = {isa = PBXFileReference; fileEncoding = 4; lastKnownFileType = sourcecode.c.h; path = ZUXRefreshView.h; sourceTree = "<group>"; };
		6A63FA181C02E0E000AB3891 /* ZUXRefreshView.m */ = {isa = PBXFileReference; fileEncoding = 4; lastKnownFileType = sourcecode.c.objc; path = ZUXRefreshView.m; sourceTree = "<group>"; };
		6A63FA191C02E0E000AB3891 /* ZUXSearchBar.h */ = {isa = PBXFileReference; fileEncoding = 4; lastKnownFileType = sourcecode.c.h; path = ZUXSearchBar.h; sourceTree = "<group>"; };
		6A63FA1A1C02E0E000AB3891 /* ZUXSearchBar.m */ = {isa = PBXFileReference; fileEncoding = 4; lastKnownFileType = sourcecode.c.objc; path = ZUXSearchBar.m; sourceTree = "<group>"; };
		6A63FA1B1C02E0E000AB3891 /* ZUXView.h */ = {isa = PBXFileReference; fileEncoding = 4; lastKnownFileType = sourcecode.c.h; path = ZUXView.h; sourceTree = "<group>"; };
		6A63FA1C1C02E0E000AB3891 /* ZUXView.m */ = {isa = PBXFileReference; fileEncoding = 4; lastKnownFileType = sourcecode.c.objc; path = ZUXView.m; sourceTree = "<group>"; };
		6A648B511C1E5C7A0077F276 /* UITabBar+ZUX.h */ = {isa = PBXFileReference; fileEncoding = 4; lastKnownFileType = sourcecode.c.h; path = "UITabBar+ZUX.h"; sourceTree = "<group>"; };
		6A648B521C1E5C7A0077F276 /* UITabBar+ZUX.m */ = {isa = PBXFileReference; fileEncoding = 4; lastKnownFileType = sourcecode.c.objc; path = "UITabBar+ZUX.m"; sourceTree = "<group>"; };
		6A648B541C1E5F5F0077F276 /* zappearance.h */ = {isa = PBXFileReference; fileEncoding = 4; lastKnownFileType = sourcecode.c.h; path = zappearance.h; sourceTree = "<group>"; };
		6A648B571C1E86CE0077F276 /* UIBarItem+ZUX.h */ = {isa = PBXFileReference; fileEncoding = 4; lastKnownFileType = sourcecode.c.h; path = "UIBarItem+ZUX.h"; sourceTree = "<group>"; };
		6A648B581C1E86CE0077F276 /* UIBarItem+ZUX.m */ = {isa = PBXFileReference; fileEncoding = 4; lastKnownFileType = sourcecode.c.objc; path = "UIBarItem+ZUX.m"; sourceTree = "<group>"; };
		6A648B5B1C1E94AD0077F276 /* ZUXKeychain.h */ = {isa = PBXFileReference; fileEncoding = 4; lastKnownFileType = sourcecode.c.h; path = ZUXKeychain.h; sourceTree = "<group>"; };
		6A648B5C1C1E94AD0077F276 /* ZUXKeychain.m */ = {isa = PBXFileReference; fileEncoding = 4; lastKnownFileType = sourcecode.c.objc; path = ZUXKeychain.m; sourceTree = "<group>"; };
		6A648B5F1C1EB3F10077F276 /* ZUXKeychainTest.m */ = {isa = PBXFileReference; fileEncoding = 4; lastKnownFileType = sourcecode.c.objc; name = ZUXKeychainTest.m; path = Utils/ZUXKeychainTest.m; sourceTree = "<group>"; };
		6A648B651C1EC5E40077F276 /* UIApplication+ZUX.h */ = {isa = PBXFileReference; fileEncoding = 4; lastKnownFileType = sourcecode.c.h; path = "UIApplication+ZUX.h"; sourceTree = "<group>"; };
		6A648B661C1EC5E40077F276 /* UIApplication+ZUX.m */ = {isa = PBXFileReference; fileEncoding = 4; lastKnownFileType = sourcecode.c.objc; path = "UIApplication+ZUX.m"; sourceTree = "<group>"; };
		6A6A3D841C191E9600847DEF /* UINavigationBar+ZUX.h */ = {isa = PBXFileReference; fileEncoding = 4; lastKnownFileType = sourcecode.c.h; path = "UINavigationBar+ZUX.h"; sourceTree = "<group>"; };
		6A6A3D851C191E9600847DEF /* UINavigationBar+ZUX.m */ = {isa = PBXFileReference; fileEncoding = 4; lastKnownFileType = sourcecode.c.objc; path = "UINavigationBar+ZUX.m"; sourceTree = "<group>"; };
		6A6A3D921C1983C700847DEF /* ZUXColorDictionary.h */ = {isa = PBXFileReference; fileEncoding = 4; lastKnownFileType = sourcecode.c.h; path = ZUXColorDictionary.h; sourceTree = "<group>"; };
		6A6A3D931C1983C700847DEF /* ZUXColorDictionary.m */ = {isa = PBXFileReference; fileEncoding = 4; lastKnownFileType = sourcecode.c.objc; path = ZUXColorDictionary.m; sourceTree = "<group>"; };
		6A7B861C1C29496E00FF864E /* UIImageZUXTest.m */ = {isa = PBXFileReference; fileEncoding = 4; lastKnownFileType = sourcecode.c.objc; name = UIImageZUXTest.m; path = Categories/UIKit/UIImageZUXTest.m; sourceTree = "<group>"; };
		6AE7ABE81C1FD8BE0061A235 /* UIBarButtonItem+ZUX.h */ = {isa = PBXFileReference; fileEncoding = 4; lastKnownFileType = sourcecode.c.h; path = "UIBarButtonItem+ZUX.h"; sourceTree = "<group>"; };
		6AE7ABE91C1FD8BE0061A235 /* UIBarButtonItem+ZUX.m */ = {isa = PBXFileReference; fileEncoding = 4; lastKnownFileType = sourcecode.c.objc; path = "UIBarButtonItem+ZUX.m"; sourceTree = "<group>"; };
/* End PBXFileReference section */

/* Begin PBXFrameworksBuildPhase section */
		6A63F9AF1C02E00D00AB3891 /* Frameworks */ = {
			isa = PBXFrameworksBuildPhase;
			buildActionMask = 2147483647;
			files = (
			);
			runOnlyForDeploymentPostprocessing = 0;
		};
		6A63F9BF1C02E05400AB3891 /* Frameworks */ = {
			isa = PBXFrameworksBuildPhase;
			buildActionMask = 2147483647;
			files = (
				6A63F9C71C02E05400AB3891 /* libZUtilsX.a in Frameworks */,
			);
			runOnlyForDeploymentPostprocessing = 0;
		};
/* End PBXFrameworksBuildPhase section */

/* Begin PBXGroup section */
		6A0F895E1C0346900003948C /* Constants */ = {
			isa = PBXGroup;
			children = (
				6A0F89621C0346900003948C /* zobjc.h */,
				6A0F89601C0346900003948C /* zarc.h */,
				6A0F895F1C0346900003948C /* zadapt.h */,
				6A0F89611C0346900003948C /* zconstant.h */,
			);
			path = Constants;
			sourceTree = "<group>";
		};
		6A0F89691C0348B10003948C /* Utils */ = {
			isa = PBXGroup;
			children = (
				6A0F896A1C0348C70003948C /* ZUXSingletonTest.m */,
				6A0F896C1C034DA10003948C /* ZUXGeometryTest.m */,
				6A0F896E1C034E5C0003948C /* ZUXRuntimeTest.m */,
				6A0F89701C03528D0003948C /* ZUXJsonTest.m */,
				6A5332561C108FF90088F2B0 /* ZUXJSONKitTest.m */,
				6A0F89721C0356B90003948C /* ZUXDirectoryTest.m */,
				6A648B5F1C1EB3F10077F276 /* ZUXKeychainTest.m */,
			);
			name = Utils;
			sourceTree = "<group>";
		};
		6A1087E01C047D320062160C /* Categories */ = {
			isa = PBXGroup;
			children = (
				6A1087E11C047D570062160C /* Foundation */,
				6A1763791C06B81900EC52FE /* UIKit */,
			);
			name = Categories;
			sourceTree = "<group>";
		};
		6A1087E11C047D570062160C /* Foundation */ = {
			isa = PBXGroup;
			children = (
				6A1087E21C047E870062160C /* NSObjectZUXTest.m */,
				6A1087E41C04871E0062160C /* NSObjectZUXJsonTest.m */,
				6A1087E61C048D780062160C /* NSArrayZUXTest.m */,
				6A1087E81C048D8B0062160C /* NSDictionaryZUXTest.m */,
				6A1087EA1C0496110062160C /* NSStringZUXTest.m */,
				6A17946E1C05D58600FF5870 /* NSDateZUXTest.m */,
			);
			name = Foundation;
			sourceTree = "<group>";
		};
		6A1763791C06B81900EC52FE /* UIKit */ = {
			isa = PBXGroup;
			children = (
				6A7B861C1C29496E00FF864E /* UIImageZUXTest.m */,
				6A17637A1C06B83800EC52FE /* UIColorZUXTest.m */,
				6A17637C1C06D85000EC52FE /* UIViewControllerZUXTest.m */,
			);
			name = UIKit;
			sourceTree = "<group>";
		};
		6A17637E1C06DA9900EC52FE /* Entities */ = {
			isa = PBXGroup;
			children = (
				6A17637F1C06DAB600EC52FE /* ZUXConstraintTest.m */,
				6A1763811C06DAE000EC52FE /* ZUXTransformTest.m */,
				6A5024B11C1A70F6002A7E99 /* ZUXColorDictionaryTest.m */,
				6A5024B31C1A72BE002A7E99 /* ZUXColorDictionaryTest.plist */,
				6A5024B51C1AB703002A7E99 /* ZUXColorDictionaryTest2.plist */,
			);
			name = Entities;
			sourceTree = "<group>";
		};
		6A63F9A91C02E00D00AB3891 = {
			isa = PBXGroup;
			children = (
				6A63F9B41C02E00D00AB3891 /* ZUtilsX */,
				6A63F9C31C02E05400AB3891 /* ZUtilsTests */,
				6A63F9B31C02E00D00AB3891 /* Products */,
			);
			sourceTree = "<group>";
		};
		6A63F9B31C02E00D00AB3891 /* Products */ = {
			isa = PBXGroup;
			children = (
				6A63F9B21C02E00D00AB3891 /* libZUtilsX.a */,
				6A63F9C21C02E05400AB3891 /* ZUtilsTests.xctest */,
			);
			name = Products;
			sourceTree = "<group>";
		};
		6A63F9B41C02E00D00AB3891 /* ZUtilsX */ = {
			isa = PBXGroup;
			children = (
				6A0F895E1C0346900003948C /* Constants */,
				6A63FA031C02E0E000AB3891 /* Utils */,
				6A63FA0E1C02E0E000AB3891 /* Views */,
				6A63F9CD1C02E0E000AB3891 /* Categories */,
				6A63F9F71C02E0E000AB3891 /* Entities */,
				6A63F9FC1C02E0E000AB3891 /* MBProgressHUD */,
				6A63F9B51C02E00D00AB3891 /* ZUtilsX.h */,
			);
			path = ZUtilsX;
			sourceTree = "<group>";
		};
		6A63F9C31C02E05400AB3891 /* ZUtilsTests */ = {
			isa = PBXGroup;
			children = (
				6A0F89691C0348B10003948C /* Utils */,
				6A1087E01C047D320062160C /* Categories */,
				6A17637E1C06DA9900EC52FE /* Entities */,
				6A63F9C61C02E05400AB3891 /* Info.plist */,
			);
			path = ZUtilsTests;
			sourceTree = "<group>";
		};
		6A63F9CD1C02E0E000AB3891 /* Categories */ = {
			isa = PBXGroup;
			children = (
				6A63F9CE1C02E0E000AB3891 /* Foundation */,
				6A63F9E51C02E0E000AB3891 /* UIKit */,
			);
			path = Categories;
			sourceTree = "<group>";
		};
		6A63F9CE1C02E0E000AB3891 /* Foundation */ = {
			isa = PBXGroup;
			children = (
				6A63F9DD1C02E0E000AB3891 /* NSObject+ZUX.h */,
				6A63F9DE1C02E0E000AB3891 /* NSObject+ZUX.m */,
				6A63F9DF1C02E0E000AB3891 /* NSObject+ZUXJson.h */,
				6A63F9E01C02E0E000AB3891 /* NSObject+ZUXJson.m */,
				6A63F9D91C02E0E000AB3891 /* NSNull+ZUX.h */,
				6A63F9DA1C02E0E000AB3891 /* NSNull+ZUX.m */,
				6A63F9DB1C02E0E000AB3891 /* NSNumber+ZUX.h */,
				6A63F9DC1C02E0E000AB3891 /* NSNumber+ZUX.m */,
				6A63F9D11C02E0E000AB3891 /* NSCoder+ZUX.h */,
				6A63F9D21C02E0E000AB3891 /* NSCoder+ZUX.m */,
				6A63F9CF1C02E0E000AB3891 /* NSArray+ZUX.h */,
				6A63F9D01C02E0E000AB3891 /* NSArray+ZUX.m */,
				6A63F9D51C02E0E000AB3891 /* NSDictionary+ZUX.h */,
				6A63F9D61C02E0E000AB3891 /* NSDictionary+ZUX.m */,
				6A63F9D31C02E0E000AB3891 /* NSData+ZUX.h */,
				6A63F9D41C02E0E000AB3891 /* NSData+ZUX.m */,
				6A63F9E11C02E0E000AB3891 /* NSString+ZUX.h */,
				6A63F9E21C02E0E000AB3891 /* NSString+ZUX.m */,
				6A63F9E31C02E0E000AB3891 /* NSValue+ZUX.h */,
				6A63F9E41C02E0E000AB3891 /* NSValue+ZUX.m */,
				6A63F9D71C02E0E000AB3891 /* NSExpression+ZUX.h */,
				6A63F9D81C02E0E000AB3891 /* NSExpression+ZUX.m */,
				6A1794681C05CF0B00FF5870 /* NSDate+ZUX.h */,
				6A1794691C05CF0B00FF5870 /* NSDate+ZUX.m */,
			);
			path = Foundation;
			sourceTree = "<group>";
		};
		6A63F9E51C02E0E000AB3891 /* UIKit */ = {
			isa = PBXGroup;
			children = (
				6A648B541C1E5F5F0077F276 /* zappearance.h */,
				6A0F89771C0359C80003948C /* UIDevice+ZUX.h */,
				6A0F89781C0359C80003948C /* UIDevice+ZUX.m */,
				6A648B651C1EC5E40077F276 /* UIApplication+ZUX.h */,
				6A648B661C1EC5E40077F276 /* UIApplication+ZUX.m */,
				6A63F9EE1C02E0E000AB3891 /* UIView+ZUX.h */,
				6A63F9EF1C02E0E000AB3891 /* UIView+ZUX.m */,
				6A63F9E81C02E0E000AB3891 /* UIControl+ZUX.h */,
				6A63F9E91C02E0E000AB3891 /* UIControl+ZUX.m */,
				6A63F9EC1C02E0E000AB3891 /* UILabel+ZUX.h */,
				6A63F9ED1C02E0E000AB3891 /* UILabel+ZUX.m */,
				6A63F9EA1C02E0E000AB3891 /* UIImage+ZUX.h */,
				6A63F9EB1C02E0E000AB3891 /* UIImage+ZUX.m */,
				6A1794651C05BB4300FF5870 /* UITextField+ZUX.h */,
				6A1794661C05BB4300FF5870 /* UITextField+ZUX.m */,
				6A1794621C05BB1300FF5870 /* UITextView+ZUX.h */,
				6A1794631C05BB1300FF5870 /* UITextView+ZUX.m */,
				6A63F9E61C02E0E000AB3891 /* UIColor+ZUX.h */,
				6A63F9E71C02E0E000AB3891 /* UIColor+ZUX.m */,
				6A63F9F01C02E0E000AB3891 /* UIViewController+ZUX.h */,
				6A63F9F11C02E0E000AB3891 /* UIViewController+ZUX.m */,
				6A6A3D841C191E9600847DEF /* UINavigationBar+ZUX.h */,
				6A6A3D851C191E9600847DEF /* UINavigationBar+ZUX.m */,
				6A648B511C1E5C7A0077F276 /* UITabBar+ZUX.h */,
				6A648B521C1E5C7A0077F276 /* UITabBar+ZUX.m */,
				6A648B571C1E86CE0077F276 /* UIBarItem+ZUX.h */,
				6A648B581C1E86CE0077F276 /* UIBarItem+ZUX.m */,
				6A17946B1C05D45800FF5870 /* UITabBarItem+ZUX.h */,
				6A17946C1C05D45800FF5870 /* UITabBarItem+ZUX.m */,
				6AE7ABE81C1FD8BE0061A235 /* UIBarButtonItem+ZUX.h */,
				6AE7ABE91C1FD8BE0061A235 /* UIBarButtonItem+ZUX.m */,
			);
			path = UIKit;
			sourceTree = "<group>";
		};
		6A63F9F71C02E0E000AB3891 /* Entities */ = {
			isa = PBXGroup;
			children = (
				6A63F9F81C02E0E000AB3891 /* ZUXConstraint.h */,
				6A63F9F91C02E0E000AB3891 /* ZUXConstraint.m */,
				6A63F9FA1C02E0E000AB3891 /* ZUXTransform.h */,
				6A63F9FB1C02E0E000AB3891 /* ZUXTransform.m */,
				6A6A3D921C1983C700847DEF /* ZUXColorDictionary.h */,
				6A6A3D931C1983C700847DEF /* ZUXColorDictionary.m */,
			);
			path = Entities;
			sourceTree = "<group>";
		};
		6A63F9FC1C02E0E000AB3891 /* MBProgressHUD */ = {
			isa = PBXGroup;
			children = (
				6A63F9FD1C02E0E000AB3891 /* MBProgressHUD.h */,
				6A63F9FE1C02E0E000AB3891 /* MBProgressHUD.m */,
				6A63F9FF1C02E0E000AB3891 /* UIView+MBProgressHUD.h */,
				6A63FA001C02E0E000AB3891 /* UIView+MBProgressHUD.m */,
			);
			path = MBProgressHUD;
			sourceTree = "<group>";
		};
		6A63FA031C02E0E000AB3891 /* Utils */ = {
			isa = PBXGroup;
			children = (
				6A63FA041C02E0E000AB3891 /* ZUXCategory.h */,
				6A63FA0D1C02E0E000AB3891 /* ZUXSingleton.h */,
				6A63FA071C02E0E000AB3891 /* ZUXGeometry.h */,
				6A63FA081C02E0E000AB3891 /* ZUXGeometry.m */,
				6A63FA0B1C02E0E000AB3891 /* ZUXRuntime.h */,
				6A63FA0C1C02E0E000AB3891 /* ZUXRuntime.m */,
				6A63FA091C02E0E000AB3891 /* ZUXJson.h */,
				6A63FA0A1C02E0E000AB3891 /* ZUXJson.m */,
				6A5332531C108F910088F2B0 /* ZUXJSONKit.h */,
				6A5332541C108F910088F2B0 /* ZUXJSONKit.m */,
				6A63FA051C02E0E000AB3891 /* ZUXDirectory.h */,
				6A63FA061C02E0E000AB3891 /* ZUXDirectory.m */,
				6A5B15591C0C350F006B8673 /* ZUXBundle.h */,
				6A5B155A1C0C350F006B8673 /* ZUXBundle.m */,
				6A648B5B1C1E94AD0077F276 /* ZUXKeychain.h */,
				6A648B5C1C1E94AD0077F276 /* ZUXKeychain.m */,
			);
			path = Utils;
			sourceTree = "<group>";
		};
		6A63FA0E1C02E0E000AB3891 /* Views */ = {
			isa = PBXGroup;
			children = (
				6A63FA1B1C02E0E000AB3891 /* ZUXView.h */,
				6A63FA1C1C02E0E000AB3891 /* ZUXView.m */,
				6A63FA0F1C02E0E000AB3891 /* ZUXControl.h */,
				6A63FA101C02E0E000AB3891 /* ZUXControl.m */,
				6A63FA131C02E0E000AB3891 /* ZUXLabel.h */,
				6A63FA141C02E0E000AB3891 /* ZUXLabel.m */,
				6A63FA111C02E0E000AB3891 /* ZUXImageView.h */,
				6A63FA121C02E0E000AB3891 /* ZUXImageView.m */,
				6A63FA171C02E0E000AB3891 /* ZUXRefreshView.h */,
				6A63FA181C02E0E000AB3891 /* ZUXRefreshView.m */,
				6A63FA151C02E0E000AB3891 /* ZUXPageControl.h */,
				6A63FA161C02E0E000AB3891 /* ZUXPageControl.m */,
				6A63FA191C02E0E000AB3891 /* ZUXSearchBar.h */,
				6A63FA1A1C02E0E000AB3891 /* ZUXSearchBar.m */,
			);
			path = Views;
			sourceTree = "<group>";
		};
/* End PBXGroup section */

/* Begin PBXNativeTarget section */
		6A63F9B11C02E00D00AB3891 /* ZUtilsX */ = {
			isa = PBXNativeTarget;
			buildConfigurationList = 6A63F9BB1C02E00D00AB3891 /* Build configuration list for PBXNativeTarget "ZUtilsX" */;
			buildPhases = (
				6A63F9AE1C02E00D00AB3891 /* Sources */,
				6A63F9AF1C02E00D00AB3891 /* Frameworks */,
				6A63F9B01C02E00D00AB3891 /* CopyFiles */,
				6A63FA631C02E30300AB3891 /* CopyFiles */,
			);
			buildRules = (
			);
			dependencies = (
			);
			name = ZUtilsX;
			productName = ZUtilsX;
			productReference = 6A63F9B21C02E00D00AB3891 /* libZUtilsX.a */;
			productType = "com.apple.product-type.library.static";
		};
		6A63F9C11C02E05400AB3891 /* ZUtilsTests */ = {
			isa = PBXNativeTarget;
			buildConfigurationList = 6A63F9CC1C02E05400AB3891 /* Build configuration list for PBXNativeTarget "ZUtilsTests" */;
			buildPhases = (
				6A63F9BE1C02E05400AB3891 /* Sources */,
				6A63F9BF1C02E05400AB3891 /* Frameworks */,
				6A63F9C01C02E05400AB3891 /* Resources */,
			);
			buildRules = (
			);
			dependencies = (
				6A63F9C91C02E05400AB3891 /* PBXTargetDependency */,
			);
			name = ZUtilsTests;
			productName = ZUtilsTests;
			productReference = 6A63F9C21C02E05400AB3891 /* ZUtilsTests.xctest */;
			productType = "com.apple.product-type.bundle.unit-test";
		};
/* End PBXNativeTarget section */

/* Begin PBXProject section */
		6A63F9AA1C02E00D00AB3891 /* Project object */ = {
			isa = PBXProject;
			attributes = {
				LastUpgradeCheck = 0710;
				ORGANIZATIONNAME = org.cuc.n3;
				TargetAttributes = {
					6A5337C51C16D7EA00EFE10C = {
						CreatedOnToolsVersion = 7.1.1;
					};
					6A63F9B11C02E00D00AB3891 = {
						CreatedOnToolsVersion = 7.1.1;
					};
					6A63F9C11C02E05400AB3891 = {
						CreatedOnToolsVersion = 7.1.1;
					};
				};
			};
			buildConfigurationList = 6A63F9AD1C02E00D00AB3891 /* Build configuration list for PBXProject "ZUtilsX" */;
			compatibilityVersion = "Xcode 3.2";
			developmentRegion = English;
			hasScannedForEncodings = 0;
			knownRegions = (
				en,
			);
			mainGroup = 6A63F9A91C02E00D00AB3891;
			productRefGroup = 6A63F9B31C02E00D00AB3891 /* Products */;
			projectDirPath = "";
			projectRoot = "";
			targets = (
				6A63F9B11C02E00D00AB3891 /* ZUtilsX */,
				6A63F9C11C02E05400AB3891 /* ZUtilsTests */,
				6A5337C51C16D7EA00EFE10C /* Universal */,
			);
		};
/* End PBXProject section */

/* Begin PBXResourcesBuildPhase section */
		6A63F9C01C02E05400AB3891 /* Resources */ = {
			isa = PBXResourcesBuildPhase;
			buildActionMask = 2147483647;
			files = (
				6A5024B41C1A72BE002A7E99 /* ZUXColorDictionaryTest.plist in Resources */,
				6A5024B61C1AB703002A7E99 /* ZUXColorDictionaryTest2.plist in Resources */,
			);
			runOnlyForDeploymentPostprocessing = 0;
		};
/* End PBXResourcesBuildPhase section */

/* Begin PBXShellScriptBuildPhase section */
		6A5337C91C16D81A00EFE10C /* ShellScript */ = {
			isa = PBXShellScriptBuildPhase;
			buildActionMask = 2147483647;
			files = (
			);
			inputPaths = (
			);
			outputPaths = (
			);
			runOnlyForDeploymentPostprocessing = 0;
			shellPath = /bin/sh;
			shellScript = "# Step 1. Build Device and Simulator versions\nxcodebuild -target ${PROJECT_NAME} ONLY_ACTIVE_ARCH=NO -configuration ${CONFIGURATION} -sdk iphoneos BUILD_DIR=\"${BUILD_DIR}\" BUILD_ROOT=\"${BUILD_ROOT}\"\nxcodebuild -target ${PROJECT_NAME} -configuration ${CONFIGURATION} -sdk iphonesimulator ARCHS='i386 x86_64' VALID_ARCHS='i386 x86_64' BUILD_DIR=\"${BUILD_DIR}\" BUILD_ROOT=\"${BUILD_ROOT}\"\n\n# define output folder environment variable\nUNIVERSAL_OUTPUTFOLDER=${BUILD_DIR}/${CONFIGURATION}-universal\n\n# make sure the output directory exists\nmkdir -p \"${UNIVERSAL_OUTPUTFOLDER}\"\n\n# Step 2. Create universal binary file using lipo\nlipo -create -output \"${UNIVERSAL_OUTPUTFOLDER}/lib${PROJECT_NAME}.a\" \"${BUILD_DIR}/${CONFIGURATION}-iphoneos/lib${PROJECT_NAME}.a\" \"${BUILD_DIR}/${CONFIGURATION}-iphonesimulator/lib${PROJECT_NAME}.a\"\n\n# Last touch. copy the header files. Just for convenience\ncp -R \"${BUILD_DIR}/${CONFIGURATION}-iphoneos/Headers\" \"${UNIVERSAL_OUTPUTFOLDER}/\"\ncp \"${BUILD_DIR}/${CONFIGURATION}-iphoneos/ZUtilsX.h\" \"${UNIVERSAL_OUTPUTFOLDER}/\"\n";
		};
/* End PBXShellScriptBuildPhase section */

/* Begin PBXSourcesBuildPhase section */
		6A63F9AE1C02E00D00AB3891 /* Sources */ = {
			isa = PBXSourcesBuildPhase;
			buildActionMask = 2147483647;
			files = (
				6A63FA3A1C02E0E000AB3891 /* ZUXRefreshView.m in Sources */,
				6A17946D1C05D45800FF5870 /* UITabBarItem+ZUX.m in Sources */,
				6A648B591C1E86CE0077F276 /* UIBarItem+ZUX.m in Sources */,
				6A63FA2D1C02E0E000AB3891 /* UIViewController+ZUX.m in Sources */,
				6A648B531C1E5C7A0077F276 /* UITabBar+ZUX.m in Sources */,
				6A63FA271C02E0E000AB3891 /* NSValue+ZUX.m in Sources */,
				6A63FA1E1C02E0E000AB3891 /* NSCoder+ZUX.m in Sources */,
				6A63FA351C02E0E000AB3891 /* ZUXRuntime.m in Sources */,
				6A63FA381C02E0E000AB3891 /* ZUXLabel.m in Sources */,
				6A63FA3C1C02E0E000AB3891 /* ZUXView.m in Sources */,
				6AE7ABEA1C1FD8BE0061A235 /* UIBarButtonItem+ZUX.m in Sources */,
				6A63FA331C02E0E000AB3891 /* ZUXGeometry.m in Sources */,
				6A63FA2C1C02E0E000AB3891 /* UIView+ZUX.m in Sources */,
				6A1794641C05BB1300FF5870 /* UITextView+ZUX.m in Sources */,
				6A63FA371C02E0E000AB3891 /* ZUXImageView.m in Sources */,
				6A63FA391C02E0E000AB3891 /* ZUXPageControl.m in Sources */,
				6A63FA2F1C02E0E000AB3891 /* ZUXTransform.m in Sources */,
				6A63FA291C02E0E000AB3891 /* UIControl+ZUX.m in Sources */,
				6A63FA311C02E0E000AB3891 /* UIView+MBProgressHUD.m in Sources */,
				6A5332551C108F910088F2B0 /* ZUXJSONKit.m in Sources */,
				6A63FA321C02E0E000AB3891 /* ZUXDirectory.m in Sources */,
				6A17946A1C05CF0B00FF5870 /* NSDate+ZUX.m in Sources */,
				6A63FA221C02E0E000AB3891 /* NSNull+ZUX.m in Sources */,
				6A63FA301C02E0E000AB3891 /* MBProgressHUD.m in Sources */,
				6A63FA1F1C02E0E000AB3891 /* NSData+ZUX.m in Sources */,
				6A1794671C05BB4300FF5870 /* UITextField+ZUX.m in Sources */,
				6A63FA361C02E0E000AB3891 /* ZUXControl.m in Sources */,
				6A63FA2A1C02E0E000AB3891 /* UIImage+ZUX.m in Sources */,
				6A63FA251C02E0E000AB3891 /* NSObject+ZUXJson.m in Sources */,
				6A63FA241C02E0E000AB3891 /* NSObject+ZUX.m in Sources */,
				6A63FA201C02E0E000AB3891 /* NSDictionary+ZUX.m in Sources */,
				6A5B155B1C0C350F006B8673 /* ZUXBundle.m in Sources */,
				6A648B5D1C1E94AD0077F276 /* ZUXKeychain.m in Sources */,
				6A6A3D941C1983C700847DEF /* ZUXColorDictionary.m in Sources */,
				6A648B671C1EC5E40077F276 /* UIApplication+ZUX.m in Sources */,
				6A63FA3B1C02E0E000AB3891 /* ZUXSearchBar.m in Sources */,
				6A63FA281C02E0E000AB3891 /* UIColor+ZUX.m in Sources */,
				6A63FA2E1C02E0E000AB3891 /* ZUXConstraint.m in Sources */,
				6A63FA1D1C02E0E000AB3891 /* NSArray+ZUX.m in Sources */,
				6A63FA261C02E0E000AB3891 /* NSString+ZUX.m in Sources */,
				6A63FA231C02E0E000AB3891 /* NSNumber+ZUX.m in Sources */,
				6A0F89791C0359C80003948C /* UIDevice+ZUX.m in Sources */,
				6A63FA341C02E0E000AB3891 /* ZUXJson.m in Sources */,
				6A6A3D861C191E9600847DEF /* UINavigationBar+ZUX.m in Sources */,
				6A63FA2B1C02E0E000AB3891 /* UILabel+ZUX.m in Sources */,
				6A63FA211C02E0E000AB3891 /* NSExpression+ZUX.m in Sources */,
			);
			runOnlyForDeploymentPostprocessing = 0;
		};
		6A63F9BE1C02E05400AB3891 /* Sources */ = {
			isa = PBXSourcesBuildPhase;
			buildActionMask = 2147483647;
			files = (
				6A0F896B1C0348C70003948C /* ZUXSingletonTest.m in Sources */,
				6A1087E31C047E870062160C /* NSObjectZUXTest.m in Sources */,
				6A1763821C06DAE000EC52FE /* ZUXTransformTest.m in Sources */,
				6A1087E71C048D780062160C /* NSArrayZUXTest.m in Sources */,
				6A5332571C108FF90088F2B0 /* ZUXJSONKitTest.m in Sources */,
				6A648B601C1EB3F10077F276 /* ZUXKeychainTest.m in Sources */,
				6A5024B21C1A70F6002A7E99 /* ZUXColorDictionaryTest.m in Sources */,
				6A1087EB1C0496110062160C /* NSStringZUXTest.m in Sources */,
				6A0F89711C03528D0003948C /* ZUXJsonTest.m in Sources */,
				6A1087E91C048D8B0062160C /* NSDictionaryZUXTest.m in Sources */,
				6A0F89731C0356B90003948C /* ZUXDirectoryTest.m in Sources */,
				6A17637B1C06B83800EC52FE /* UIColorZUXTest.m in Sources */,
				6A1763801C06DAB600EC52FE /* ZUXConstraintTest.m in Sources */,
				6A17637D1C06D85000EC52FE /* UIViewControllerZUXTest.m in Sources */,
				6A0F896F1C034E5C0003948C /* ZUXRuntimeTest.m in Sources */,
				6A7B861D1C29496E00FF864E /* UIImageZUXTest.m in Sources */,
				6A17946F1C05D58600FF5870 /* NSDateZUXTest.m in Sources */,
				6A1087E51C04871E0062160C /* NSObjectZUXJsonTest.m in Sources */,
				6A0F896D1C034DA10003948C /* ZUXGeometryTest.m in Sources */,
			);
			runOnlyForDeploymentPostprocessing = 0;
		};
/* End PBXSourcesBuildPhase section */

/* Begin PBXTargetDependency section */
		6A63F9C91C02E05400AB3891 /* PBXTargetDependency */ = {
			isa = PBXTargetDependency;
			target = 6A63F9B11C02E00D00AB3891 /* ZUtilsX */;
			targetProxy = 6A63F9C81C02E05400AB3891 /* PBXContainerItemProxy */;
		};
/* End PBXTargetDependency section */

/* Begin XCBuildConfiguration section */
		6A5337C61C16D7EA00EFE10C /* Debug */ = {
			isa = XCBuildConfiguration;
			buildSettings = {
				PRODUCT_NAME = "$(TARGET_NAME)";
			};
			name = Debug;
		};
		6A5337C71C16D7EA00EFE10C /* Release */ = {
			isa = XCBuildConfiguration;
			buildSettings = {
				PRODUCT_NAME = "$(TARGET_NAME)";
			};
			name = Release;
		};
		6A63F9B91C02E00D00AB3891 /* Debug */ = {
			isa = XCBuildConfiguration;
			buildSettings = {
				ALWAYS_SEARCH_USER_PATHS = NO;
				ARCHS = "$(ARCHS_STANDARD)";
				CLANG_CXX_LANGUAGE_STANDARD = "gnu++0x";
				CLANG_CXX_LIBRARY = "libc++";
				CLANG_ENABLE_MODULES = YES;
				CLANG_ENABLE_OBJC_ARC = NO;
				CLANG_WARN_BOOL_CONVERSION = YES;
				CLANG_WARN_CONSTANT_CONVERSION = YES;
				CLANG_WARN_DIRECT_OBJC_ISA_USAGE = YES_ERROR;
				CLANG_WARN_EMPTY_BODY = YES;
				CLANG_WARN_ENUM_CONVERSION = YES;
				CLANG_WARN_INT_CONVERSION = YES;
				CLANG_WARN_OBJC_ROOT_CLASS = YES_ERROR;
				CLANG_WARN_UNREACHABLE_CODE = YES;
				CLANG_WARN__DUPLICATE_METHOD_MATCH = YES;
				"CODE_SIGN_IDENTITY[sdk=iphoneos*]" = "iPhone Developer";
				COPY_PHASE_STRIP = NO;
				DEBUG_INFORMATION_FORMAT = dwarf;
				ENABLE_STRICT_OBJC_MSGSEND = YES;
				ENABLE_TESTABILITY = YES;
				GCC_C_LANGUAGE_STANDARD = gnu99;
				GCC_DYNAMIC_NO_PIC = NO;
				GCC_NO_COMMON_BLOCKS = YES;
				GCC_OPTIMIZATION_LEVEL = 0;
				GCC_PREPROCESSOR_DEFINITIONS = (
					"DEBUG=1",
					"$(inherited)",
				);
				GCC_WARN_64_TO_32_BIT_CONVERSION = YES;
				GCC_WARN_ABOUT_RETURN_TYPE = YES_ERROR;
				GCC_WARN_UNDECLARED_SELECTOR = YES;
				GCC_WARN_UNINITIALIZED_AUTOS = YES_AGGRESSIVE;
				GCC_WARN_UNUSED_FUNCTION = YES;
				GCC_WARN_UNUSED_VARIABLE = YES;
				IPHONEOS_DEPLOYMENT_TARGET = 5.0;
				MTL_ENABLE_DEBUG_INFO = YES;
				ONLY_ACTIVE_ARCH = YES;
				SDKROOT = iphoneos;
				VALID_ARCHS = "arm64 armv7 armv7s";
			};
			name = Debug;
		};
		6A63F9BA1C02E00D00AB3891 /* Release */ = {
			isa = XCBuildConfiguration;
			buildSettings = {
				ALWAYS_SEARCH_USER_PATHS = NO;
				ARCHS = "$(ARCHS_STANDARD)";
				CLANG_CXX_LANGUAGE_STANDARD = "gnu++0x";
				CLANG_CXX_LIBRARY = "libc++";
				CLANG_ENABLE_MODULES = YES;
				CLANG_ENABLE_OBJC_ARC = NO;
				CLANG_WARN_BOOL_CONVERSION = YES;
				CLANG_WARN_CONSTANT_CONVERSION = YES;
				CLANG_WARN_DIRECT_OBJC_ISA_USAGE = YES_ERROR;
				CLANG_WARN_EMPTY_BODY = YES;
				CLANG_WARN_ENUM_CONVERSION = YES;
				CLANG_WARN_INT_CONVERSION = YES;
				CLANG_WARN_OBJC_ROOT_CLASS = YES_ERROR;
				CLANG_WARN_UNREACHABLE_CODE = YES;
				CLANG_WARN__DUPLICATE_METHOD_MATCH = YES;
				"CODE_SIGN_IDENTITY[sdk=iphoneos*]" = "iPhone Developer";
				COPY_PHASE_STRIP = NO;
				DEBUG_INFORMATION_FORMAT = "dwarf-with-dsym";
				ENABLE_NS_ASSERTIONS = NO;
				ENABLE_STRICT_OBJC_MSGSEND = YES;
				GCC_C_LANGUAGE_STANDARD = gnu99;
				GCC_NO_COMMON_BLOCKS = YES;
				GCC_WARN_64_TO_32_BIT_CONVERSION = YES;
				GCC_WARN_ABOUT_RETURN_TYPE = YES_ERROR;
				GCC_WARN_UNDECLARED_SELECTOR = YES;
				GCC_WARN_UNINITIALIZED_AUTOS = YES_AGGRESSIVE;
				GCC_WARN_UNUSED_FUNCTION = YES;
				GCC_WARN_UNUSED_VARIABLE = YES;
				IPHONEOS_DEPLOYMENT_TARGET = 5.0;
				MTL_ENABLE_DEBUG_INFO = NO;
				ONLY_ACTIVE_ARCH = NO;
				SDKROOT = iphoneos;
				VALIDATE_PRODUCT = YES;
				VALID_ARCHS = "arm64 armv7 armv7s";
			};
			name = Release;
		};
		6A63F9BC1C02E00D00AB3891 /* Debug */ = {
			isa = XCBuildConfiguration;
			buildSettings = {
				CLANG_ENABLE_OBJC_ARC = NO;
				OTHER_LDFLAGS = "-ObjC";
				PRODUCT_NAME = "$(TARGET_NAME)";
				SKIP_INSTALL = YES;
			};
			name = Debug;
		};
		6A63F9BD1C02E00D00AB3891 /* Release */ = {
			isa = XCBuildConfiguration;
			buildSettings = {
				CLANG_ENABLE_OBJC_ARC = NO;
				OTHER_LDFLAGS = "-ObjC";
				PRODUCT_NAME = "$(TARGET_NAME)";
				SKIP_INSTALL = YES;
			};
			name = Release;
		};
		6A63F9CA1C02E05400AB3891 /* Debug */ = {
			isa = XCBuildConfiguration;
			buildSettings = {
				CLANG_ENABLE_OBJC_ARC = NO;
				INFOPLIST_FILE = ZUtilsTests/Info.plist;
				LD_RUNPATH_SEARCH_PATHS = "$(inherited) @executable_path/Frameworks @loader_path/Frameworks";
				PRODUCT_BUNDLE_IDENTIFIER = org.cuc.n3.ZUtilsTests;
				PRODUCT_NAME = "$(TARGET_NAME)";
			};
			name = Debug;
		};
		6A63F9CB1C02E05400AB3891 /* Release */ = {
			isa = XCBuildConfiguration;
			buildSettings = {
				CLANG_ENABLE_OBJC_ARC = NO;
				INFOPLIST_FILE = ZUtilsTests/Info.plist;
				LD_RUNPATH_SEARCH_PATHS = "$(inherited) @executable_path/Frameworks @loader_path/Frameworks";
				PRODUCT_BUNDLE_IDENTIFIER = org.cuc.n3.ZUtilsTests;
				PRODUCT_NAME = "$(TARGET_NAME)";
			};
			name = Release;
		};
/* End XCBuildConfiguration section */

/* Begin XCConfigurationList section */
		6A5337C81C16D7EA00EFE10C /* Build configuration list for PBXAggregateTarget "Universal" */ = {
			isa = XCConfigurationList;
			buildConfigurations = (
				6A5337C61C16D7EA00EFE10C /* Debug */,
				6A5337C71C16D7EA00EFE10C /* Release */,
			);
			defaultConfigurationIsVisible = 0;
			defaultConfigurationName = Release;
		};
		6A63F9AD1C02E00D00AB3891 /* Build configuration list for PBXProject "ZUtilsX" */ = {
			isa = XCConfigurationList;
			buildConfigurations = (
				6A63F9B91C02E00D00AB3891 /* Debug */,
				6A63F9BA1C02E00D00AB3891 /* Release */,
			);
			defaultConfigurationIsVisible = 0;
			defaultConfigurationName = Release;
		};
		6A63F9BB1C02E00D00AB3891 /* Build configuration list for PBXNativeTarget "ZUtilsX" */ = {
			isa = XCConfigurationList;
			buildConfigurations = (
				6A63F9BC1C02E00D00AB3891 /* Debug */,
				6A63F9BD1C02E00D00AB3891 /* Release */,
			);
			defaultConfigurationIsVisible = 0;
			defaultConfigurationName = Release;
		};
		6A63F9CC1C02E05400AB3891 /* Build configuration list for PBXNativeTarget "ZUtilsTests" */ = {
			isa = XCConfigurationList;
			buildConfigurations = (
				6A63F9CA1C02E05400AB3891 /* Debug */,
				6A63F9CB1C02E05400AB3891 /* Release */,
			);
			defaultConfigurationIsVisible = 0;
			defaultConfigurationName = Release;
		};
/* End XCConfigurationList section */
	};
	rootObject = 6A63F9AA1C02E00D00AB3891 /* Project object */;
}
